// !$*UTF8*$!
{
	archiveVersion = 1;
	classes = {
	};
	objectVersion = 51;
	objects = {

/* Begin PBXBuildFile section */
		05D636CE82A584F0D36A279A /* XCTestManifests.swift in Sources */ = {isa = PBXBuildFile; fileRef = 64C4B23266D98146201BA091 /* XCTestManifests.swift */; };
		18F5FE628051EA7A726BB61D /* WIPFoundation.framework in Embed Frameworks */ = {isa = PBXBuildFile; fileRef = DC4F646319F6E1F6A0512689 /* WIPFoundation.framework */; settings = {ATTRIBUTES = (CodeSignOnCopy, RemoveHeadersOnCopy, ); }; };
		1984A4C4EC2CFE6531D3A888 /* WIPCompatibleType.swift in Sources */ = {isa = PBXBuildFile; fileRef = 2BCBFD758F6C844741F3A8D2 /* WIPCompatibleType.swift */; };
		20B11CE93ECBA83E5CED972C /* WIPFoundation.framework in Embed Frameworks */ = {isa = PBXBuildFile; fileRef = 655ED1B82D2CD11E0F196C84 /* WIPFoundation.framework */; settings = {ATTRIBUTES = (CodeSignOnCopy, RemoveHeadersOnCopy, ); }; };
		2A5EF6DB40CAB64A22CA8B30 /* WIPFoundation.framework in Embed Frameworks */ = {isa = PBXBuildFile; fileRef = DC07BD0A7F1E41B878F48F7F /* WIPFoundation.framework */; settings = {ATTRIBUTES = (CodeSignOnCopy, RemoveHeadersOnCopy, ); }; };
		2B38DB3E7E5DA66BD1540027 /* WIPCompatibleType.swift in Sources */ = {isa = PBXBuildFile; fileRef = 2BCBFD758F6C844741F3A8D2 /* WIPCompatibleType.swift */; };
		2CB0355DB28937785BD33680 /* XCTestManifests.swift in Sources */ = {isa = PBXBuildFile; fileRef = 64C4B23266D98146201BA091 /* XCTestManifests.swift */; };
		2F34DDF6CC5D4BDD5CB514F2 /* String+WIP.swift in Sources */ = {isa = PBXBuildFile; fileRef = FFCA4BEACFEB01BADA3618D0 /* String+WIP.swift */; };
		30DEF2F6FBACC2C6933A4EAE /* String+WIP.swift in Sources */ = {isa = PBXBuildFile; fileRef = FFCA4BEACFEB01BADA3618D0 /* String+WIP.swift */; };
		34E542A94179F7296E340F07 /* WIPFoundation.framework in Frameworks */ = {isa = PBXBuildFile; fileRef = 655ED1B82D2CD11E0F196C84 /* WIPFoundation.framework */; };
		5289AD44DA40F8BF419493F0 /* StringTests.swift in Sources */ = {isa = PBXBuildFile; fileRef = 82DE6A46234917E9ABF5B5C0 /* StringTests.swift */; };
		565E7EF3A5D94C4989A3AB97 /* StringTests.swift in Sources */ = {isa = PBXBuildFile; fileRef = 82DE6A46234917E9ABF5B5C0 /* StringTests.swift */; };
		66CF05BE47285D6007A4D027 /* WIPFoundation.framework in Frameworks */ = {isa = PBXBuildFile; fileRef = DC07BD0A7F1E41B878F48F7F /* WIPFoundation.framework */; };
		6D6165EADA39EF98C067CD61 /* XCTestManifests.swift in Sources */ = {isa = PBXBuildFile; fileRef = 64C4B23266D98146201BA091 /* XCTestManifests.swift */; };
		75E1DF3E58288B21FA724934 /* WIPCompatibleType.swift in Sources */ = {isa = PBXBuildFile; fileRef = 2BCBFD758F6C844741F3A8D2 /* WIPCompatibleType.swift */; };
		859D8C655A89FCB6503D9355 /* String+WIP.swift in Sources */ = {isa = PBXBuildFile; fileRef = FFCA4BEACFEB01BADA3618D0 /* String+WIP.swift */; };
		8CF07B747669176A1087E888 /* StringTests.swift in Sources */ = {isa = PBXBuildFile; fileRef = 82DE6A46234917E9ABF5B5C0 /* StringTests.swift */; };
		A7015812CAAB4758150529F0 /* WIPFoundation.framework in Frameworks */ = {isa = PBXBuildFile; fileRef = DC4F646319F6E1F6A0512689 /* WIPFoundation.framework */; };
/* End PBXBuildFile section */

/* Begin PBXContainerItemProxy section */
		8CF6F08B6DE869962C05E538 /* PBXContainerItemProxy */ = {
			isa = PBXContainerItemProxy;
			containerPortal = 17B11B32A29CDA419109983D /* Project object */;
			proxyType = 1;
			remoteGlobalIDString = B9609518C93647DECC5DC30C;
			remoteInfo = WIPFoundation_iOS;
		};
		A9A5FEE451038B6AB9840FFE /* PBXContainerItemProxy */ = {
			isa = PBXContainerItemProxy;
			containerPortal = 17B11B32A29CDA419109983D /* Project object */;
			proxyType = 1;
			remoteGlobalIDString = 1A9AA066E3173F6E5EC5CE4D;
			remoteInfo = WIPFoundation_macOS;
		};
		AF37DA6C56F5EBA3A52EB76C /* PBXContainerItemProxy */ = {
			isa = PBXContainerItemProxy;
			containerPortal = 17B11B32A29CDA419109983D /* Project object */;
			proxyType = 1;
			remoteGlobalIDString = D43786536887DB00CB25F756;
			remoteInfo = WIPFoundation_tvOS;
		};
/* End PBXContainerItemProxy section */

/* Begin PBXCopyFilesBuildPhase section */
		1C38AA0E2CAD7ED5CA9973CB /* Embed Frameworks */ = {
			isa = PBXCopyFilesBuildPhase;
			buildActionMask = 2147483647;
			dstPath = "";
			dstSubfolderSpec = 10;
			files = (
				20B11CE93ECBA83E5CED972C /* WIPFoundation.framework in Embed Frameworks */,
			);
			name = "Embed Frameworks";
			runOnlyForDeploymentPostprocessing = 0;
		};
		772A9CDE9129762B1AFA95E9 /* Embed Frameworks */ = {
			isa = PBXCopyFilesBuildPhase;
			buildActionMask = 2147483647;
			dstPath = "";
			dstSubfolderSpec = 10;
			files = (
				2A5EF6DB40CAB64A22CA8B30 /* WIPFoundation.framework in Embed Frameworks */,
			);
			name = "Embed Frameworks";
			runOnlyForDeploymentPostprocessing = 0;
		};
		C8444E0625EBD32857A5735E /* Embed Frameworks */ = {
			isa = PBXCopyFilesBuildPhase;
			buildActionMask = 2147483647;
			dstPath = "";
			dstSubfolderSpec = 10;
			files = (
				18F5FE628051EA7A726BB61D /* WIPFoundation.framework in Embed Frameworks */,
			);
			name = "Embed Frameworks";
			runOnlyForDeploymentPostprocessing = 0;
		};
/* End PBXCopyFilesBuildPhase section */

/* Begin PBXFileReference section */
		2BCBFD758F6C844741F3A8D2 /* WIPCompatibleType.swift */ = {isa = PBXFileReference; lastKnownFileType = sourcecode.swift; path = WIPCompatibleType.swift; sourceTree = "<group>"; };
		620CF304255988F4007027AE /* LinuxMain.swift */ = {isa = PBXFileReference; lastKnownFileType = sourcecode.swift; path = LinuxMain.swift; sourceTree = "<group>"; };
		64C4B23266D98146201BA091 /* XCTestManifests.swift */ = {isa = PBXFileReference; lastKnownFileType = sourcecode.swift; path = XCTestManifests.swift; sourceTree = "<group>"; };
		655ED1B82D2CD11E0F196C84 /* WIPFoundation.framework */ = {isa = PBXFileReference; explicitFileType = wrapper.framework; includeInIndex = 0; path = WIPFoundation.framework; sourceTree = BUILT_PRODUCTS_DIR; };
		6EB8025A2EF51458D2381E34 /* Tests.xctest */ = {isa = PBXFileReference; explicitFileType = wrapper.cfbundle; includeInIndex = 0; path = Tests.xctest; sourceTree = BUILT_PRODUCTS_DIR; };
		7CF5F07CA380B9296968D344 /* Info.plist */ = {isa = PBXFileReference; lastKnownFileType = text.plist; path = Info.plist; sourceTree = "<group>"; };
		8140A23CD601AB0BBAED2E2A /* README.md */ = {isa = PBXFileReference; lastKnownFileType = net.daringfireball.markdown; path = README.md; sourceTree = "<group>"; };
		82DE6A46234917E9ABF5B5C0 /* StringTests.swift */ = {isa = PBXFileReference; lastKnownFileType = sourcecode.swift; path = StringTests.swift; sourceTree = "<group>"; };
		884F2A7C9E2AE308F7E0731E /* LICENSE.md */ = {isa = PBXFileReference; lastKnownFileType = net.daringfireball.markdown; path = LICENSE.md; sourceTree = "<group>"; };
		9AC893375DA9DB029F91A1D8 /* Tests.xctest */ = {isa = PBXFileReference; includeInIndex = 0; lastKnownFileType = wrapper; path = Tests.xctest; sourceTree = BUILT_PRODUCTS_DIR; };
		C94B398ADAA6743BFC00A238 /* WIPFoundation_watchOS.framework */ = {isa = PBXFileReference; explicitFileType = wrapper.framework; includeInIndex = 0; path = WIPFoundation_watchOS.framework; sourceTree = BUILT_PRODUCTS_DIR; };
		DC07BD0A7F1E41B878F48F7F /* WIPFoundation.framework */ = {isa = PBXFileReference; explicitFileType = wrapper.framework; includeInIndex = 0; path = WIPFoundation.framework; sourceTree = BUILT_PRODUCTS_DIR; };
		DC4F646319F6E1F6A0512689 /* WIPFoundation.framework */ = {isa = PBXFileReference; explicitFileType = wrapper.framework; includeInIndex = 0; path = WIPFoundation.framework; sourceTree = BUILT_PRODUCTS_DIR; };
		EFB50411B024ADAB260D2DE3 /* Tests.xctest */ = {isa = PBXFileReference; includeInIndex = 0; lastKnownFileType = wrapper.cfbundle; path = Tests.xctest; sourceTree = BUILT_PRODUCTS_DIR; };
		FFCA4BEACFEB01BADA3618D0 /* String+WIP.swift */ = {isa = PBXFileReference; lastKnownFileType = sourcecode.swift; path = "String+WIP.swift"; sourceTree = "<group>"; };
/* End PBXFileReference section */

/* Begin PBXFrameworksBuildPhase section */
		2ED441B570A570A7DB3E7C8A /* Frameworks */ = {
			isa = PBXFrameworksBuildPhase;
			buildActionMask = 2147483647;
			files = (
				34E542A94179F7296E340F07 /* WIPFoundation.framework in Frameworks */,
			);
			runOnlyForDeploymentPostprocessing = 0;
		};
		4C46346DFFD6F828069E0756 /* Frameworks */ = {
			isa = PBXFrameworksBuildPhase;
			buildActionMask = 2147483647;
			files = (
				66CF05BE47285D6007A4D027 /* WIPFoundation.framework in Frameworks */,
			);
			runOnlyForDeploymentPostprocessing = 0;
		};
		F0ABC722AF1ED3EA96D01290 /* Frameworks */ = {
			isa = PBXFrameworksBuildPhase;
			buildActionMask = 2147483647;
			files = (
				A7015812CAAB4758150529F0 /* WIPFoundation.framework in Frameworks */,
			);
			runOnlyForDeploymentPostprocessing = 0;
		};
/* End PBXFrameworksBuildPhase section */

/* Begin PBXGroup section */
		33947F41B414E2D2E99EE704 /* WIPExtensions */ = {
			isa = PBXGroup;
			children = (
				FFCA4BEACFEB01BADA3618D0 /* String+WIP.swift */,
			);
			path = WIPExtensions;
			sourceTree = "<group>";
		};
		3D229661308FC4398F047424 = {
			isa = PBXGroup;
			children = (
				884F2A7C9E2AE308F7E0731E /* LICENSE.md */,
				8140A23CD601AB0BBAED2E2A /* README.md */,
				620CF304255988F4007027AE /* LinuxMain.swift */,
				AE851B23AA2C85D691B3C319 /* Source */,
				A7232755BE11B3FA4E7D3060 /* Tests */,
				DDD5F6FE05B0759B005FC35E /* Products */,
			);
			sourceTree = "<group>";
		};
		3F5B45135793987516A9BC7A /* WIPCore */ = {
			isa = PBXGroup;
			children = (
				2BCBFD758F6C844741F3A8D2 /* WIPCompatibleType.swift */,
			);
			path = WIPCore;
			sourceTree = "<group>";
		};
		6AF8F49D1134A7CAB6ACD2F1 /* Extensions */ = {
			isa = PBXGroup;
			children = (
				82DE6A46234917E9ABF5B5C0 /* StringTests.swift */,
			);
			path = Extensions;
			sourceTree = "<group>";
		};
		A7232755BE11B3FA4E7D3060 /* Tests */ = {
			isa = PBXGroup;
			children = (
				7CF5F07CA380B9296968D344 /* Info.plist */,
				64C4B23266D98146201BA091 /* XCTestManifests.swift */,
				6AF8F49D1134A7CAB6ACD2F1 /* Extensions */,
			);
			path = Tests;
			sourceTree = "<group>";
		};
		AE851B23AA2C85D691B3C319 /* Source */ = {
			isa = PBXGroup;
			children = (
				3F5B45135793987516A9BC7A /* WIPCore */,
				33947F41B414E2D2E99EE704 /* WIPExtensions */,
			);
			path = Source;
			sourceTree = "<group>";
		};
		DDD5F6FE05B0759B005FC35E /* Products */ = {
			isa = PBXGroup;
			children = (
				9AC893375DA9DB029F91A1D8 /* Tests.xctest */,
				6EB8025A2EF51458D2381E34 /* Tests.xctest */,
				EFB50411B024ADAB260D2DE3 /* Tests.xctest */,
				C94B398ADAA6743BFC00A238 /* WIPFoundation_watchOS.framework */,
				DC4F646319F6E1F6A0512689 /* WIPFoundation.framework */,
				DC07BD0A7F1E41B878F48F7F /* WIPFoundation.framework */,
				655ED1B82D2CD11E0F196C84 /* WIPFoundation.framework */,
			);
			name = Products;
			sourceTree = "<group>";
		};
/* End PBXGroup section */

/* Begin PBXNativeTarget section */
		1358CEE5370EE5097E77C60D /* WIPFoundation_watchOS */ = {
			isa = PBXNativeTarget;
			buildConfigurationList = B9C3F14590D536F94DC83D09 /* Build configuration list for PBXNativeTarget "WIPFoundation_watchOS" */;
			buildPhases = (
				8A2F61B23FFABBA270E720CC /* Sources */,
			);
			buildRules = (
			);
			dependencies = (
			);
			name = WIPFoundation_watchOS;
			productName = WIPFoundation_watchOS;
			productReference = C94B398ADAA6743BFC00A238 /* WIPFoundation_watchOS.framework */;
			productType = "com.apple.product-type.framework";
		};
		170480A34B6A5FA2F42779A4 /* Tests_macOS */ = {
			isa = PBXNativeTarget;
			buildConfigurationList = B0B2CEFA0CD635F197076FF1 /* Build configuration list for PBXNativeTarget "Tests_macOS" */;
			buildPhases = (
				C0EB060E63213ECF2D32849E /* Sources */,
				4C46346DFFD6F828069E0756 /* Frameworks */,
				772A9CDE9129762B1AFA95E9 /* Embed Frameworks */,
			);
			buildRules = (
			);
			dependencies = (
				F87C888A3013FA1E06EDA5C0 /* PBXTargetDependency */,
			);
			name = Tests_macOS;
			productName = Tests_macOS;
			productReference = 6EB8025A2EF51458D2381E34 /* Tests.xctest */;
			productType = "com.apple.product-type.bundle.unit-test";
		};
		1A9AA066E3173F6E5EC5CE4D /* WIPFoundation_macOS */ = {
			isa = PBXNativeTarget;
			buildConfigurationList = 870204DC4E2183603084EC3E /* Build configuration list for PBXNativeTarget "WIPFoundation_macOS" */;
			buildPhases = (
				49307AC9A344A05771A7BF1D /* Sources */,
				D0252E14CEAFE92199671488 /* Swiftlint */,
			);
			buildRules = (
			);
			dependencies = (
			);
			name = WIPFoundation_macOS;
			productName = WIPFoundation_macOS;
			productReference = DC07BD0A7F1E41B878F48F7F /* WIPFoundation.framework */;
			productType = "com.apple.product-type.framework";
		};
		B9609518C93647DECC5DC30C /* WIPFoundation_iOS */ = {
			isa = PBXNativeTarget;
			buildConfigurationList = E68AA107317C875F23C75A8B /* Build configuration list for PBXNativeTarget "WIPFoundation_iOS" */;
			buildPhases = (
				1D4F7256BF64D0432AC595C8 /* Sources */,
				67B5683AE1D36677B1405AF4 /* Swiftlint */,
			);
			buildRules = (
			);
			dependencies = (
			);
			name = WIPFoundation_iOS;
			productName = WIPFoundation_iOS;
			productReference = DC4F646319F6E1F6A0512689 /* WIPFoundation.framework */;
			productType = "com.apple.product-type.framework";
		};
		D43786536887DB00CB25F756 /* WIPFoundation_tvOS */ = {
			isa = PBXNativeTarget;
			buildConfigurationList = 5E9F15DBB3A0B4D92FDAD29A /* Build configuration list for PBXNativeTarget "WIPFoundation_tvOS" */;
			buildPhases = (
				FD4003AE096835D85CBBC801 /* Sources */,
				D34549697BA5FA1E5ACC1F17 /* Swiftlint */,
			);
			buildRules = (
			);
			dependencies = (
			);
			name = WIPFoundation_tvOS;
			productName = WIPFoundation_tvOS;
			productReference = 655ED1B82D2CD11E0F196C84 /* WIPFoundation.framework */;
			productType = "com.apple.product-type.framework";
		};
		E45774281443A7D48EAA20C7 /* Tests_tvOS */ = {
			isa = PBXNativeTarget;
			buildConfigurationList = 469B56D952D356C9EDED8C00 /* Build configuration list for PBXNativeTarget "Tests_tvOS" */;
			buildPhases = (
				7DE741C5CFE15570E1F2EC79 /* Sources */,
				2ED441B570A570A7DB3E7C8A /* Frameworks */,
				1C38AA0E2CAD7ED5CA9973CB /* Embed Frameworks */,
			);
			buildRules = (
			);
			dependencies = (
				98AB0828116F67890046648D /* PBXTargetDependency */,
			);
			name = Tests_tvOS;
			productName = Tests_tvOS;
			productReference = EFB50411B024ADAB260D2DE3 /* Tests.xctest */;
			productType = "com.apple.product-type.bundle.unit-test";
		};
		EC2EF02158631D1F9F4F41A6 /* Tests_iOS */ = {
			isa = PBXNativeTarget;
			buildConfigurationList = 145A22D3B5ABFBB2DDE27819 /* Build configuration list for PBXNativeTarget "Tests_iOS" */;
			buildPhases = (
				48F3AB3983F0B95408562DB7 /* Sources */,
				F0ABC722AF1ED3EA96D01290 /* Frameworks */,
				C8444E0625EBD32857A5735E /* Embed Frameworks */,
			);
			buildRules = (
			);
			dependencies = (
				AAC029F0AE5E2D26A0DB7679 /* PBXTargetDependency */,
			);
			name = Tests_iOS;
			productName = Tests_iOS;
			productReference = 9AC893375DA9DB029F91A1D8 /* Tests.xctest */;
			productType = "com.apple.product-type.bundle.unit-test";
		};
/* End PBXNativeTarget section */

/* Begin PBXProject section */
		17B11B32A29CDA419109983D /* Project object */ = {
			isa = PBXProject;
			attributes = {
				LastUpgradeCheck = 1200;
			};
			buildConfigurationList = 1CD22FB14110B48D1F020DCA /* Build configuration list for PBXProject "WIPFoundation" */;
			compatibilityVersion = "Xcode 10.0";
			developmentRegion = en;
			hasScannedForEncodings = 0;
			knownRegions = (
				Base,
				en,
			);
			mainGroup = 3D229661308FC4398F047424;
			projectDirPath = "";
			projectRoot = "";
			targets = (
				EC2EF02158631D1F9F4F41A6 /* Tests_iOS */,
				170480A34B6A5FA2F42779A4 /* Tests_macOS */,
				E45774281443A7D48EAA20C7 /* Tests_tvOS */,
				B9609518C93647DECC5DC30C /* WIPFoundation_iOS */,
				1A9AA066E3173F6E5EC5CE4D /* WIPFoundation_macOS */,
				D43786536887DB00CB25F756 /* WIPFoundation_tvOS */,
				1358CEE5370EE5097E77C60D /* WIPFoundation_watchOS */,
			);
		};
/* End PBXProject section */

/* Begin PBXShellScriptBuildPhase section */
		67B5683AE1D36677B1405AF4 /* Swiftlint */ = {
			isa = PBXShellScriptBuildPhase;
			buildActionMask = 2147483647;
			files = (
			);
			inputFileListPaths = (
			);
			inputPaths = (
			);
			name = Swiftlint;
			outputFileListPaths = (
			);
			outputPaths = (
			);
			runOnlyForDeploymentPostprocessing = 0;
			shellPath = /bin/sh;
			shellScript = swiftlint;
		};
		D0252E14CEAFE92199671488 /* Swiftlint */ = {
			isa = PBXShellScriptBuildPhase;
			buildActionMask = 2147483647;
			files = (
			);
			inputFileListPaths = (
			);
			inputPaths = (
			);
			name = Swiftlint;
			outputFileListPaths = (
			);
			outputPaths = (
			);
			runOnlyForDeploymentPostprocessing = 0;
			shellPath = /bin/sh;
			shellScript = swiftlint;
		};
		D34549697BA5FA1E5ACC1F17 /* Swiftlint */ = {
			isa = PBXShellScriptBuildPhase;
			buildActionMask = 2147483647;
			files = (
			);
			inputFileListPaths = (
			);
			inputPaths = (
			);
			name = Swiftlint;
			outputFileListPaths = (
			);
			outputPaths = (
			);
			runOnlyForDeploymentPostprocessing = 0;
			shellPath = /bin/sh;
			shellScript = swiftlint;
		};
/* End PBXShellScriptBuildPhase section */

/* Begin PBXSourcesBuildPhase section */
		1D4F7256BF64D0432AC595C8 /* Sources */ = {
			isa = PBXSourcesBuildPhase;
			buildActionMask = 2147483647;
			files = (
				2F34DDF6CC5D4BDD5CB514F2 /* String+WIP.swift in Sources */,
				1984A4C4EC2CFE6531D3A888 /* WIPCompatibleType.swift in Sources */,
			);
			runOnlyForDeploymentPostprocessing = 0;
		};
		48F3AB3983F0B95408562DB7 /* Sources */ = {
			isa = PBXSourcesBuildPhase;
			buildActionMask = 2147483647;
			files = (
				8CF07B747669176A1087E888 /* StringTests.swift in Sources */,
				2CB0355DB28937785BD33680 /* XCTestManifests.swift in Sources */,
			);
			runOnlyForDeploymentPostprocessing = 0;
		};
		49307AC9A344A05771A7BF1D /* Sources */ = {
			isa = PBXSourcesBuildPhase;
			buildActionMask = 2147483647;
			files = (
				859D8C655A89FCB6503D9355 /* String+WIP.swift in Sources */,
				75E1DF3E58288B21FA724934 /* WIPCompatibleType.swift in Sources */,
			);
			runOnlyForDeploymentPostprocessing = 0;
		};
		7DE741C5CFE15570E1F2EC79 /* Sources */ = {
			isa = PBXSourcesBuildPhase;
			buildActionMask = 2147483647;
			files = (
				565E7EF3A5D94C4989A3AB97 /* StringTests.swift in Sources */,
				6D6165EADA39EF98C067CD61 /* XCTestManifests.swift in Sources */,
			);
			runOnlyForDeploymentPostprocessing = 0;
		};
		8A2F61B23FFABBA270E720CC /* Sources */ = {
			isa = PBXSourcesBuildPhase;
			buildActionMask = 2147483647;
			files = (
			);
			runOnlyForDeploymentPostprocessing = 0;
		};
		C0EB060E63213ECF2D32849E /* Sources */ = {
			isa = PBXSourcesBuildPhase;
			buildActionMask = 2147483647;
			files = (
				5289AD44DA40F8BF419493F0 /* StringTests.swift in Sources */,
				05D636CE82A584F0D36A279A /* XCTestManifests.swift in Sources */,
			);
			runOnlyForDeploymentPostprocessing = 0;
		};
		FD4003AE096835D85CBBC801 /* Sources */ = {
			isa = PBXSourcesBuildPhase;
			buildActionMask = 2147483647;
			files = (
				30DEF2F6FBACC2C6933A4EAE /* String+WIP.swift in Sources */,
				2B38DB3E7E5DA66BD1540027 /* WIPCompatibleType.swift in Sources */,
			);
			runOnlyForDeploymentPostprocessing = 0;
		};
/* End PBXSourcesBuildPhase section */

/* Begin PBXTargetDependency section */
		98AB0828116F67890046648D /* PBXTargetDependency */ = {
			isa = PBXTargetDependency;
			target = D43786536887DB00CB25F756 /* WIPFoundation_tvOS */;
			targetProxy = AF37DA6C56F5EBA3A52EB76C /* PBXContainerItemProxy */;
		};
		AAC029F0AE5E2D26A0DB7679 /* PBXTargetDependency */ = {
			isa = PBXTargetDependency;
			target = B9609518C93647DECC5DC30C /* WIPFoundation_iOS */;
			targetProxy = 8CF6F08B6DE869962C05E538 /* PBXContainerItemProxy */;
		};
		F87C888A3013FA1E06EDA5C0 /* PBXTargetDependency */ = {
			isa = PBXTargetDependency;
			target = 1A9AA066E3173F6E5EC5CE4D /* WIPFoundation_macOS */;
			targetProxy = A9A5FEE451038B6AB9840FFE /* PBXContainerItemProxy */;
		};
/* End PBXTargetDependency section */

/* Begin XCBuildConfiguration section */
		16462F15009AEF046FAE0D08 /* Debug */ = {
			isa = XCBuildConfiguration;
			buildSettings = {
				CODE_SIGN_IDENTITY = "";
				CURRENT_PROJECT_VERSION = 1;
				DEFINES_MODULE = YES;
				DYLIB_COMPATIBILITY_VERSION = 1;
				DYLIB_CURRENT_VERSION = 1;
				DYLIB_INSTALL_NAME_BASE = "@rpath";
				INFOPLIST_FILE = Info.plist;
				INSTALL_PATH = "$(LOCAL_LIBRARY_DIR)/Frameworks";
				PRODUCT_BUNDLE_IDENTIFIER = es.rpastor.wip.foundation;
				SDKROOT = watchos;
				SKIP_INSTALL = YES;
				TARGETED_DEVICE_FAMILY = 4;
				VERSIONING_SYSTEM = "apple-generic";
			};
			name = Debug;
		};
		17660E4FFD3F4BE835D6F331 /* Debug */ = {
			isa = XCBuildConfiguration;
			buildSettings = {
				BUNDLE_LOADER = "$(TEST_HOST)";
				INFOPLIST_FILE = Tests/Info.plist;
				LD_RUNPATH_SEARCH_PATHS = (
					"$(inherited)",
					"@executable_path/Frameworks",
					"@loader_path/Frameworks",
				);
				PRODUCT_NAME = Tests;
				SDKROOT = iphoneos;
				TARGETED_DEVICE_FAMILY = "1,2";
			};
			name = Debug;
		};
		1918525F13D3EC35624FC450 /* Debug */ = {
			isa = XCBuildConfiguration;
			buildSettings = {
				BUNDLE_LOADER = "$(TEST_HOST)";
				INFOPLIST_FILE = Tests/Info.plist;
				LD_RUNPATH_SEARCH_PATHS = (
					"$(inherited)",
					"@executable_path/Frameworks",
					"@loader_path/Frameworks",
				);
				PRODUCT_NAME = Tests;
				SDKROOT = appletvos;
				TARGETED_DEVICE_FAMILY = 3;
			};
			name = Debug;
		};
		19E091BD1657245F4D599F4F /* Release */ = {
			isa = XCBuildConfiguration;
			buildSettings = {
				CODE_SIGN_IDENTITY = "";
				COMBINE_HIDPI_IMAGES = YES;
				CURRENT_PROJECT_VERSION = 1;
				DEFINES_MODULE = YES;
				DYLIB_COMPATIBILITY_VERSION = 1;
				DYLIB_CURRENT_VERSION = 1;
				DYLIB_INSTALL_NAME_BASE = "@rpath";
				INFOPLIST_FILE = Info.plist;
				INSTALL_PATH = "$(LOCAL_LIBRARY_DIR)/Frameworks";
				LD_RUNPATH_SEARCH_PATHS = (
					"$(inherited)",
					"@executable_path/../Frameworks",
				);
				PRODUCT_BUNDLE_IDENTIFIER = es.rpastor.wip.foundation;
				PRODUCT_NAME = WIPFoundation;
				SDKROOT = macosx;
				SKIP_INSTALL = YES;
				VERSIONING_SYSTEM = "apple-generic";
			};
			name = Release;
		};
		1D581F5BCAB5F5531E5E9922 /* Debug */ = {
			isa = XCBuildConfiguration;
			buildSettings = {
				BUNDLE_LOADER = "$(TEST_HOST)";
				COMBINE_HIDPI_IMAGES = YES;
				INFOPLIST_FILE = Tests/Info.plist;
				LD_RUNPATH_SEARCH_PATHS = (
					"$(inherited)",
					"@executable_path/../Frameworks",
					"@loader_path/../Frameworks",
				);
				PRODUCT_NAME = Tests;
				SDKROOT = macosx;
			};
			name = Debug;
		};
		28DDAE3D5A3DD198832ED89A /* Release */ = {
			isa = XCBuildConfiguration;
			buildSettings = {
				CODE_SIGN_IDENTITY = "";
				CURRENT_PROJECT_VERSION = 1;
				DEFINES_MODULE = YES;
				DYLIB_COMPATIBILITY_VERSION = 1;
				DYLIB_CURRENT_VERSION = 1;
				DYLIB_INSTALL_NAME_BASE = "@rpath";
				INFOPLIST_FILE = Info.plist;
				INSTALL_PATH = "$(LOCAL_LIBRARY_DIR)/Frameworks";
				LD_RUNPATH_SEARCH_PATHS = (
					"$(inherited)",
					"@executable_path/Frameworks",
				);
				PRODUCT_BUNDLE_IDENTIFIER = es.rpastor.wip.foundation;
				PRODUCT_NAME = WIPFoundation;
				SDKROOT = appletvos;
				SKIP_INSTALL = YES;
				TARGETED_DEVICE_FAMILY = 3;
				VERSIONING_SYSTEM = "apple-generic";
			};
			name = Release;
		};
		48EFB90187A21E32665A8D9E /* Release */ = {
			isa = XCBuildConfiguration;
			buildSettings = {
				BUNDLE_LOADER = "$(TEST_HOST)";
				COMBINE_HIDPI_IMAGES = YES;
				INFOPLIST_FILE = Tests/Info.plist;
				LD_RUNPATH_SEARCH_PATHS = (
					"$(inherited)",
					"@executable_path/../Frameworks",
					"@loader_path/../Frameworks",
				);
				PRODUCT_NAME = Tests;
				SDKROOT = macosx;
			};
			name = Release;
		};
		5F63700751295B73591FD1B4 /* Release */ = {
			isa = XCBuildConfiguration;
			buildSettings = {
				CODE_SIGN_IDENTITY = "";
				CURRENT_PROJECT_VERSION = 1;
				DEFINES_MODULE = YES;
				DYLIB_COMPATIBILITY_VERSION = 1;
				DYLIB_CURRENT_VERSION = 1;
				DYLIB_INSTALL_NAME_BASE = "@rpath";
				INFOPLIST_FILE = Info.plist;
				INSTALL_PATH = "$(LOCAL_LIBRARY_DIR)/Frameworks";
				LD_RUNPATH_SEARCH_PATHS = (
					"$(inherited)",
					"@executable_path/Frameworks",
				);
				PRODUCT_BUNDLE_IDENTIFIER = es.rpastor.wip.foundation;
				PRODUCT_NAME = WIPFoundation;
				SDKROOT = iphoneos;
				SKIP_INSTALL = YES;
				TARGETED_DEVICE_FAMILY = "1,2";
				VERSIONING_SYSTEM = "apple-generic";
			};
			name = Release;
		};
		6A3C5426840DEF89C556EC78 /* Release */ = {
			isa = XCBuildConfiguration;
			buildSettings = {
				BUNDLE_LOADER = "$(TEST_HOST)";
				INFOPLIST_FILE = Tests/Info.plist;
				LD_RUNPATH_SEARCH_PATHS = (
					"$(inherited)",
					"@executable_path/Frameworks",
					"@loader_path/Frameworks",
				);
				PRODUCT_NAME = Tests;
				SDKROOT = appletvos;
				TARGETED_DEVICE_FAMILY = 3;
			};
			name = Release;
		};
		9C3AAE4DF139B2B6CA87B606 /* Debug */ = {
			isa = XCBuildConfiguration;
			buildSettings = {
				ALWAYS_SEARCH_USER_PATHS = NO;
				CLANG_ANALYZER_NONNULL = YES;
				CLANG_ANALYZER_NUMBER_OBJECT_CONVERSION = YES_AGGRESSIVE;
				CLANG_CXX_LANGUAGE_STANDARD = "gnu++14";
				CLANG_CXX_LIBRARY = "libc++";
				CLANG_ENABLE_MODULES = YES;
				CLANG_ENABLE_OBJC_ARC = YES;
				CLANG_ENABLE_OBJC_WEAK = YES;
				CLANG_WARN_BLOCK_CAPTURE_AUTORELEASING = YES;
				CLANG_WARN_BOOL_CONVERSION = YES;
				CLANG_WARN_COMMA = YES;
				CLANG_WARN_CONSTANT_CONVERSION = YES;
				CLANG_WARN_DEPRECATED_OBJC_IMPLEMENTATIONS = YES;
				CLANG_WARN_DIRECT_OBJC_ISA_USAGE = YES_ERROR;
				CLANG_WARN_DOCUMENTATION_COMMENTS = YES;
				CLANG_WARN_EMPTY_BODY = YES;
				CLANG_WARN_ENUM_CONVERSION = YES;
				CLANG_WARN_INFINITE_RECURSION = YES;
				CLANG_WARN_INT_CONVERSION = YES;
				CLANG_WARN_NON_LITERAL_NULL_CONVERSION = YES;
				CLANG_WARN_OBJC_IMPLICIT_RETAIN_SELF = YES;
				CLANG_WARN_OBJC_LITERAL_CONVERSION = YES;
				CLANG_WARN_OBJC_ROOT_CLASS = YES_ERROR;
				CLANG_WARN_QUOTED_INCLUDE_IN_FRAMEWORK_HEADER = YES;
				CLANG_WARN_RANGE_LOOP_ANALYSIS = YES;
				CLANG_WARN_STRICT_PROTOTYPES = YES;
				CLANG_WARN_SUSPICIOUS_MOVE = YES;
				CLANG_WARN_UNGUARDED_AVAILABILITY = YES_AGGRESSIVE;
				CLANG_WARN_UNREACHABLE_CODE = YES;
				CLANG_WARN__DUPLICATE_METHOD_MATCH = YES;
				COPY_PHASE_STRIP = NO;
				DEBUG_INFORMATION_FORMAT = dwarf;
				ENABLE_STRICT_OBJC_MSGSEND = YES;
				ENABLE_TESTABILITY = YES;
				GCC_C_LANGUAGE_STANDARD = gnu11;
				GCC_DYNAMIC_NO_PIC = NO;
				GCC_NO_COMMON_BLOCKS = YES;
				GCC_OPTIMIZATION_LEVEL = 0;
				GCC_PREPROCESSOR_DEFINITIONS = (
					"$(inherited)",
					"DEBUG=1",
				);
				GCC_WARN_64_TO_32_BIT_CONVERSION = YES;
				GCC_WARN_ABOUT_RETURN_TYPE = YES_ERROR;
				GCC_WARN_UNDECLARED_SELECTOR = YES;
				GCC_WARN_UNINITIALIZED_AUTOS = YES_AGGRESSIVE;
				GCC_WARN_UNUSED_FUNCTION = YES;
				GCC_WARN_UNUSED_VARIABLE = YES;
				IPHONEOS_DEPLOYMENT_TARGET = 14.0;
				MACOSX_DEPLOYMENT_TARGET = 10.15;
				MTL_ENABLE_DEBUG_INFO = INCLUDE_SOURCE;
				MTL_FAST_MATH = YES;
				ONLY_ACTIVE_ARCH = YES;
				PRODUCT_NAME = "$(TARGET_NAME)";
				SWIFT_ACTIVE_COMPILATION_CONDITIONS = DEBUG;
				SWIFT_OPTIMIZATION_LEVEL = "-Onone";
				SWIFT_VERSION = 5.0;
				TVOS_DEPLOYMENT_TARGET = 14.0;
				WATCHOS_DEPLOYMENT_TARGET = 7.0;
			};
			name = Debug;
		};
		C78A1B2B88CF5282355ED025 /* Debug */ = {
			isa = XCBuildConfiguration;
			buildSettings = {
				CODE_SIGN_IDENTITY = "";
				CURRENT_PROJECT_VERSION = 1;
				DEFINES_MODULE = YES;
				DYLIB_COMPATIBILITY_VERSION = 1;
				DYLIB_CURRENT_VERSION = 1;
				DYLIB_INSTALL_NAME_BASE = "@rpath";
				INFOPLIST_FILE = Info.plist;
				INSTALL_PATH = "$(LOCAL_LIBRARY_DIR)/Frameworks";
				LD_RUNPATH_SEARCH_PATHS = (
					"$(inherited)",
					"@executable_path/Frameworks",
				);
				PRODUCT_BUNDLE_IDENTIFIER = es.rpastor.wip.foundation;
				PRODUCT_NAME = WIPFoundation;
				SDKROOT = iphoneos;
				SKIP_INSTALL = YES;
				TARGETED_DEVICE_FAMILY = "1,2";
				VERSIONING_SYSTEM = "apple-generic";
			};
			name = Debug;
		};
		CD8E742C80A028731DDC6BBD /* Release */ = {
			isa = XCBuildConfiguration;
			buildSettings = {
				CODE_SIGN_IDENTITY = "";
				CURRENT_PROJECT_VERSION = 1;
				DEFINES_MODULE = YES;
				DYLIB_COMPATIBILITY_VERSION = 1;
				DYLIB_CURRENT_VERSION = 1;
				DYLIB_INSTALL_NAME_BASE = "@rpath";
				INFOPLIST_FILE = Info.plist;
				INSTALL_PATH = "$(LOCAL_LIBRARY_DIR)/Frameworks";
				PRODUCT_BUNDLE_IDENTIFIER = es.rpastor.wip.foundation;
				SDKROOT = watchos;
				SKIP_INSTALL = YES;
				TARGETED_DEVICE_FAMILY = 4;
				VERSIONING_SYSTEM = "apple-generic";
			};
			name = Release;
		};
		D763D4F241785CFE972A061E /* Release */ = {
			isa = XCBuildConfiguration;
			buildSettings = {
				ALWAYS_SEARCH_USER_PATHS = NO;
				CLANG_ANALYZER_NONNULL = YES;
				CLANG_ANALYZER_NUMBER_OBJECT_CONVERSION = YES_AGGRESSIVE;
				CLANG_CXX_LANGUAGE_STANDARD = "gnu++14";
				CLANG_CXX_LIBRARY = "libc++";
				CLANG_ENABLE_MODULES = YES;
				CLANG_ENABLE_OBJC_ARC = YES;
				CLANG_ENABLE_OBJC_WEAK = YES;
				CLANG_WARN_BLOCK_CAPTURE_AUTORELEASING = YES;
				CLANG_WARN_BOOL_CONVERSION = YES;
				CLANG_WARN_COMMA = YES;
				CLANG_WARN_CONSTANT_CONVERSION = YES;
				CLANG_WARN_DEPRECATED_OBJC_IMPLEMENTATIONS = YES;
				CLANG_WARN_DIRECT_OBJC_ISA_USAGE = YES_ERROR;
				CLANG_WARN_DOCUMENTATION_COMMENTS = YES;
				CLANG_WARN_EMPTY_BODY = YES;
				CLANG_WARN_ENUM_CONVERSION = YES;
				CLANG_WARN_INFINITE_RECURSION = YES;
				CLANG_WARN_INT_CONVERSION = YES;
				CLANG_WARN_NON_LITERAL_NULL_CONVERSION = YES;
				CLANG_WARN_OBJC_IMPLICIT_RETAIN_SELF = YES;
				CLANG_WARN_OBJC_LITERAL_CONVERSION = YES;
				CLANG_WARN_OBJC_ROOT_CLASS = YES_ERROR;
				CLANG_WARN_QUOTED_INCLUDE_IN_FRAMEWORK_HEADER = YES;
				CLANG_WARN_RANGE_LOOP_ANALYSIS = YES;
				CLANG_WARN_STRICT_PROTOTYPES = YES;
				CLANG_WARN_SUSPICIOUS_MOVE = YES;
				CLANG_WARN_UNGUARDED_AVAILABILITY = YES_AGGRESSIVE;
				CLANG_WARN_UNREACHABLE_CODE = YES;
				CLANG_WARN__DUPLICATE_METHOD_MATCH = YES;
				COPY_PHASE_STRIP = NO;
				DEBUG_INFORMATION_FORMAT = "dwarf-with-dsym";
				ENABLE_NS_ASSERTIONS = NO;
				ENABLE_STRICT_OBJC_MSGSEND = YES;
				GCC_C_LANGUAGE_STANDARD = gnu11;
				GCC_NO_COMMON_BLOCKS = YES;
				GCC_WARN_64_TO_32_BIT_CONVERSION = YES;
				GCC_WARN_ABOUT_RETURN_TYPE = YES_ERROR;
				GCC_WARN_UNDECLARED_SELECTOR = YES;
				GCC_WARN_UNINITIALIZED_AUTOS = YES_AGGRESSIVE;
				GCC_WARN_UNUSED_FUNCTION = YES;
				GCC_WARN_UNUSED_VARIABLE = YES;
				IPHONEOS_DEPLOYMENT_TARGET = 14.0;
				MACOSX_DEPLOYMENT_TARGET = 10.15;
				MTL_ENABLE_DEBUG_INFO = NO;
				MTL_FAST_MATH = YES;
				PRODUCT_NAME = "$(TARGET_NAME)";
				SWIFT_COMPILATION_MODE = wholemodule;
				SWIFT_OPTIMIZATION_LEVEL = "-O";
				SWIFT_VERSION = 5.0;
				TVOS_DEPLOYMENT_TARGET = 14.0;
				WATCHOS_DEPLOYMENT_TARGET = 7.0;
			};
			name = Release;
		};
		D8AACA78F81ED009D0FB0FC9 /* Release */ = {
			isa = XCBuildConfiguration;
			buildSettings = {
				BUNDLE_LOADER = "$(TEST_HOST)";
				INFOPLIST_FILE = Tests/Info.plist;
				LD_RUNPATH_SEARCH_PATHS = (
					"$(inherited)",
					"@executable_path/Frameworks",
					"@loader_path/Frameworks",
				);
				PRODUCT_NAME = Tests;
				SDKROOT = iphoneos;
				TARGETED_DEVICE_FAMILY = "1,2";
			};
			name = Release;
		};
		DED6C125345408C2608BE3DD /* Debug */ = {
			isa = XCBuildConfiguration;
			buildSettings = {
				CODE_SIGN_IDENTITY = "";
				COMBINE_HIDPI_IMAGES = YES;
				CURRENT_PROJECT_VERSION = 1;
				DEFINES_MODULE = YES;
				DYLIB_COMPATIBILITY_VERSION = 1;
				DYLIB_CURRENT_VERSION = 1;
				DYLIB_INSTALL_NAME_BASE = "@rpath";
				INFOPLIST_FILE = Info.plist;
				INSTALL_PATH = "$(LOCAL_LIBRARY_DIR)/Frameworks";
				LD_RUNPATH_SEARCH_PATHS = (
					"$(inherited)",
					"@executable_path/../Frameworks",
				);
				PRODUCT_BUNDLE_IDENTIFIER = es.rpastor.wip.foundation;
				PRODUCT_NAME = WIPFoundation;
				SDKROOT = macosx;
				SKIP_INSTALL = YES;
				VERSIONING_SYSTEM = "apple-generic";
			};
			name = Debug;
		};
		E1DDC1AD3922BC173319C73D /* Debug */ = {
			isa = XCBuildConfiguration;
			buildSettings = {
				CODE_SIGN_IDENTITY = "";
				CURRENT_PROJECT_VERSION = 1;
				DEFINES_MODULE = YES;
				DYLIB_COMPATIBILITY_VERSION = 1;
				DYLIB_CURRENT_VERSION = 1;
				DYLIB_INSTALL_NAME_BASE = "@rpath";
				INFOPLIST_FILE = Info.plist;
				INSTALL_PATH = "$(LOCAL_LIBRARY_DIR)/Frameworks";
				LD_RUNPATH_SEARCH_PATHS = (
					"$(inherited)",
					"@executable_path/Frameworks",
				);
				PRODUCT_BUNDLE_IDENTIFIER = es.rpastor.wip.foundation;
				PRODUCT_NAME = WIPFoundation;
				SDKROOT = appletvos;
				SKIP_INSTALL = YES;
				TARGETED_DEVICE_FAMILY = 3;
				VERSIONING_SYSTEM = "apple-generic";
			};
			name = Debug;
		};
/* End XCBuildConfiguration section */

/* Begin XCConfigurationList section */
		145A22D3B5ABFBB2DDE27819 /* Build configuration list for PBXNativeTarget "Tests_iOS" */ = {
			isa = XCConfigurationList;
			buildConfigurations = (
				17660E4FFD3F4BE835D6F331 /* Debug */,
				D8AACA78F81ED009D0FB0FC9 /* Release */,
			);
			defaultConfigurationIsVisible = 0;
			defaultConfigurationName = Debug;
		};
		1CD22FB14110B48D1F020DCA /* Build configuration list for PBXProject "WIPFoundation" */ = {
			isa = XCConfigurationList;
			buildConfigurations = (
				9C3AAE4DF139B2B6CA87B606 /* Debug */,
				D763D4F241785CFE972A061E /* Release */,
			);
			defaultConfigurationIsVisible = 0;
			defaultConfigurationName = Debug;
		};
		469B56D952D356C9EDED8C00 /* Build configuration list for PBXNativeTarget "Tests_tvOS" */ = {
			isa = XCConfigurationList;
			buildConfigurations = (
				1918525F13D3EC35624FC450 /* Debug */,
				6A3C5426840DEF89C556EC78 /* Release */,
			);
			defaultConfigurationIsVisible = 0;
			defaultConfigurationName = Debug;
		};
		5E9F15DBB3A0B4D92FDAD29A /* Build configuration list for PBXNativeTarget "WIPFoundation_tvOS" */ = {
			isa = XCConfigurationList;
			buildConfigurations = (
				E1DDC1AD3922BC173319C73D /* Debug */,
				28DDAE3D5A3DD198832ED89A /* Release */,
			);
			defaultConfigurationIsVisible = 0;
			defaultConfigurationName = Debug;
		};
		870204DC4E2183603084EC3E /* Build configuration list for PBXNativeTarget "WIPFoundation_macOS" */ = {
			isa = XCConfigurationList;
			buildConfigurations = (
				DED6C125345408C2608BE3DD /* Debug */,
				19E091BD1657245F4D599F4F /* Release */,
			);
			defaultConfigurationIsVisible = 0;
			defaultConfigurationName = Debug;
		};
		B0B2CEFA0CD635F197076FF1 /* Build configuration list for PBXNativeTarget "Tests_macOS" */ = {
			isa = XCConfigurationList;
			buildConfigurations = (
				1D581F5BCAB5F5531E5E9922 /* Debug */,
				48EFB90187A21E32665A8D9E /* Release */,
			);
			defaultConfigurationIsVisible = 0;
			defaultConfigurationName = Debug;
		};
		B9C3F14590D536F94DC83D09 /* Build configuration list for PBXNativeTarget "WIPFoundation_watchOS" */ = {
			isa = XCConfigurationList;
			buildConfigurations = (
				16462F15009AEF046FAE0D08 /* Debug */,
				CD8E742C80A028731DDC6BBD /* Release */,
			);
			defaultConfigurationIsVisible = 0;
			defaultConfigurationName = Debug;
		};
		E68AA107317C875F23C75A8B /* Build configuration list for PBXNativeTarget "WIPFoundation_iOS" */ = {
			isa = XCConfigurationList;
			buildConfigurations = (
				C78A1B2B88CF5282355ED025 /* Debug */,
				5F63700751295B73591FD1B4 /* Release */,
			);
			defaultConfigurationIsVisible = 0;
			defaultConfigurationName = Debug;
		};
/* End XCConfigurationList section */
	};
	rootObject = 17B11B32A29CDA419109983D /* Project object */;
}
