// !$*UTF8*$!
{
	archiveVersion = 1;
	classes = {
	};
	objectVersion = 51;
	objects = {

/* Begin PBXBuildFile section */
		089974B5595BC37C1D59DA7F /* WIPFoundation iOS.framework in Embed Frameworks */ = {isa = PBXBuildFile; fileRef = 66CB3B51B5829BB20E22E6B6 /* WIPFoundation iOS.framework */; settings = {ATTRIBUTES = (CodeSignOnCopy, RemoveHeadersOnCopy, ); }; };
		0E0D308DD69CD285F142E4E8 /* WIPFoundation iOS.framework in Frameworks */ = {isa = PBXBuildFile; fileRef = 66CB3B51B5829BB20E22E6B6 /* WIPFoundation iOS.framework */; };
		18687DA8514A9AB2D604A533 /* XCTestManifests.swift in Sources */ = {isa = PBXBuildFile; fileRef = 64C4B23266D98146201BA091 /* XCTestManifests.swift */; };
		250195B5538E61ABC7EFA4AE /* WIPCompatibleType.swift in Sources */ = {isa = PBXBuildFile; fileRef = 2BCBFD758F6C844741F3A8D2 /* WIPCompatibleType.swift */; };
		364384ED54A6A53A8606028C /* HTTPClient.swift in Sources */ = {isa = PBXBuildFile; fileRef = 7ED8CAED9D70B3EA6B6F1576 /* HTTPClient.swift */; };
		395ECC8FD4C0FF1D09032B73 /* XCTestManifests.swift in Sources */ = {isa = PBXBuildFile; fileRef = 64C4B23266D98146201BA091 /* XCTestManifests.swift */; };
		3A4DD90B5CC6CA3D980B0CA8 /* HTTPClient.swift in Sources */ = {isa = PBXBuildFile; fileRef = 7ED8CAED9D70B3EA6B6F1576 /* HTTPClient.swift */; };
		3FD09A0D0E660E0CEB6F5269 /* String+WIP.swift in Sources */ = {isa = PBXBuildFile; fileRef = FFCA4BEACFEB01BADA3618D0 /* String+WIP.swift */; };
		4887C2DA2FB0589B1D6A852E /* StringTests.swift in Sources */ = {isa = PBXBuildFile; fileRef = 82DE6A46234917E9ABF5B5C0 /* StringTests.swift */; };
		4BC6A117F7DC392C4CB096D7 /* WIPCompatibleType.swift in Sources */ = {isa = PBXBuildFile; fileRef = 2BCBFD758F6C844741F3A8D2 /* WIPCompatibleType.swift */; };
		5C3E72BF54E200171BCBA454 /* HTTPClient.swift in Sources */ = {isa = PBXBuildFile; fileRef = 7ED8CAED9D70B3EA6B6F1576 /* HTTPClient.swift */; };
		602BDF650A98C6042972C7C2 /* StringTests.swift in Sources */ = {isa = PBXBuildFile; fileRef = 82DE6A46234917E9ABF5B5C0 /* StringTests.swift */; };
		61A2DE775FCDABD387DB13AC /* String+WIP.swift in Sources */ = {isa = PBXBuildFile; fileRef = FFCA4BEACFEB01BADA3618D0 /* String+WIP.swift */; };
		848CDD3DD1C1C74D866D6EAE /* StringTests.swift in Sources */ = {isa = PBXBuildFile; fileRef = 82DE6A46234917E9ABF5B5C0 /* StringTests.swift */; };
		8FBA366A5125AB5A44B42EE6 /* WIPFoundation macOS.framework in Frameworks */ = {isa = PBXBuildFile; fileRef = 269151E72449EBF0FE2FBF04 /* WIPFoundation macOS.framework */; };
		9081258E77BF4A6A04710146 /* String+WIP.swift in Sources */ = {isa = PBXBuildFile; fileRef = FFCA4BEACFEB01BADA3618D0 /* String+WIP.swift */; };
		93AF40AA58AF0595661FC2E8 /* WIPFoundation tvOS.framework in Frameworks */ = {isa = PBXBuildFile; fileRef = DF1FCE0432B8508717172E37 /* WIPFoundation tvOS.framework */; };
		96210467CC3DBA4A40AE8DEE /* WIPCompatibleType.swift in Sources */ = {isa = PBXBuildFile; fileRef = 2BCBFD758F6C844741F3A8D2 /* WIPCompatibleType.swift */; };
		97E925EE0B032520364E935A /* XCTestManifests.swift in Sources */ = {isa = PBXBuildFile; fileRef = 64C4B23266D98146201BA091 /* XCTestManifests.swift */; };
		9A9A8662186D4F3EC1978EE0 /* WIPCompatibleType.swift in Sources */ = {isa = PBXBuildFile; fileRef = 2BCBFD758F6C844741F3A8D2 /* WIPCompatibleType.swift */; };
		A6B809AD009D69F35C0C1BDB /* WIPFoundation macOS.framework in Embed Frameworks */ = {isa = PBXBuildFile; fileRef = 269151E72449EBF0FE2FBF04 /* WIPFoundation macOS.framework */; settings = {ATTRIBUTES = (CodeSignOnCopy, RemoveHeadersOnCopy, ); }; };
		B997635BB46D142C93279397 /* String+WIP.swift in Sources */ = {isa = PBXBuildFile; fileRef = FFCA4BEACFEB01BADA3618D0 /* String+WIP.swift */; };
		D65FF2E14D9A2E338091CFD9 /* WIPFoundation tvOS.framework in Embed Frameworks */ = {isa = PBXBuildFile; fileRef = DF1FCE0432B8508717172E37 /* WIPFoundation tvOS.framework */; settings = {ATTRIBUTES = (CodeSignOnCopy, RemoveHeadersOnCopy, ); }; };
		FFB77805D9CD3071BD8E4C11 /* HTTPClient.swift in Sources */ = {isa = PBXBuildFile; fileRef = 7ED8CAED9D70B3EA6B6F1576 /* HTTPClient.swift */; };
/* End PBXBuildFile section */

/* Begin PBXContainerItemProxy section */
		A2D41DFA161A78149AC43D74 /* PBXContainerItemProxy */ = {
			isa = PBXContainerItemProxy;
			containerPortal = 17B11B32A29CDA419109983D /* Project object */;
			proxyType = 1;
			remoteGlobalIDString = 66354D9C06E680994BA07D92;
			remoteInfo = "WIPFoundation tvOS";
		};
		B7B4EB8DDF23E3B62A3E1646 /* PBXContainerItemProxy */ = {
			isa = PBXContainerItemProxy;
			containerPortal = 17B11B32A29CDA419109983D /* Project object */;
			proxyType = 1;
			remoteGlobalIDString = F422BF5FB222BAB883308154;
			remoteInfo = "WIPFoundation macOS";
		};
		E81D3111B634B2E8E8531A40 /* PBXContainerItemProxy */ = {
			isa = PBXContainerItemProxy;
			containerPortal = 17B11B32A29CDA419109983D /* Project object */;
			proxyType = 1;
			remoteGlobalIDString = 2B4B301B8DB0BED6BA4613B0;
			remoteInfo = "WIPFoundation iOS";
		};
/* End PBXContainerItemProxy section */

/* Begin PBXCopyFilesBuildPhase section */
		062F32BE1C9DEC3E5D19BA5F /* Embed Frameworks */ = {
			isa = PBXCopyFilesBuildPhase;
			buildActionMask = 2147483647;
			dstPath = "";
			dstSubfolderSpec = 10;
			files = (
				A6B809AD009D69F35C0C1BDB /* WIPFoundation macOS.framework in Embed Frameworks */,
			);
			name = "Embed Frameworks";
			runOnlyForDeploymentPostprocessing = 0;
		};
		4B01FF7EAB5FC81DFD31BAE8 /* Embed Frameworks */ = {
			isa = PBXCopyFilesBuildPhase;
			buildActionMask = 2147483647;
			dstPath = "";
			dstSubfolderSpec = 10;
			files = (
				089974B5595BC37C1D59DA7F /* WIPFoundation iOS.framework in Embed Frameworks */,
			);
			name = "Embed Frameworks";
			runOnlyForDeploymentPostprocessing = 0;
		};
		F0654245EB4E32F65A439AA8 /* Embed Frameworks */ = {
			isa = PBXCopyFilesBuildPhase;
			buildActionMask = 2147483647;
			dstPath = "";
			dstSubfolderSpec = 10;
			files = (
				D65FF2E14D9A2E338091CFD9 /* WIPFoundation tvOS.framework in Embed Frameworks */,
			);
			name = "Embed Frameworks";
			runOnlyForDeploymentPostprocessing = 0;
		};
/* End PBXCopyFilesBuildPhase section */

/* Begin PBXFileReference section */
		22F78EC15D2376C0CC695E34 /* Info.plist */ = {isa = PBXFileReference; lastKnownFileType = text.plist; path = Info.plist; sourceTree = "<group>"; };
		269151E72449EBF0FE2FBF04 /* WIPFoundation macOS.framework */ = {isa = PBXFileReference; explicitFileType = wrapper.framework; includeInIndex = 0; path = "WIPFoundation macOS.framework"; sourceTree = BUILT_PRODUCTS_DIR; };
		2BCBFD758F6C844741F3A8D2 /* WIPCompatibleType.swift */ = {isa = PBXFileReference; lastKnownFileType = sourcecode.swift; path = WIPCompatibleType.swift; sourceTree = "<group>"; };
		3B86A8F66ACFE861DDAB75E2 /* WIPFoundation iOS Tests.xctest */ = {isa = PBXFileReference; includeInIndex = 0; lastKnownFileType = wrapper.cfbundle; path = "WIPFoundation iOS Tests.xctest"; sourceTree = BUILT_PRODUCTS_DIR; };
		50728C751070CADAA1B71EA6 /* WIPFoundation watchOS.framework */ = {isa = PBXFileReference; explicitFileType = wrapper.framework; includeInIndex = 0; path = "WIPFoundation watchOS.framework"; sourceTree = BUILT_PRODUCTS_DIR; };
		5BB68711DD21613D17F123C5 /* LinuxMain.swift */ = {isa = PBXFileReference; lastKnownFileType = sourcecode.swift; path = LinuxMain.swift; sourceTree = "<group>"; };
		64C4B23266D98146201BA091 /* XCTestManifests.swift */ = {isa = PBXFileReference; lastKnownFileType = sourcecode.swift; path = XCTestManifests.swift; sourceTree = "<group>"; };
		66CB3B51B5829BB20E22E6B6 /* WIPFoundation iOS.framework */ = {isa = PBXFileReference; explicitFileType = wrapper.framework; includeInIndex = 0; path = "WIPFoundation iOS.framework"; sourceTree = BUILT_PRODUCTS_DIR; };
		7CF5F07CA380B9296968D344 /* Info.plist */ = {isa = PBXFileReference; lastKnownFileType = text.plist; path = Info.plist; sourceTree = "<group>"; };
		7ED8CAED9D70B3EA6B6F1576 /* HTTPClient.swift */ = {isa = PBXFileReference; lastKnownFileType = sourcecode.swift; path = HTTPClient.swift; sourceTree = "<group>"; };
		8140A23CD601AB0BBAED2E2A /* README.md */ = {isa = PBXFileReference; lastKnownFileType = net.daringfireball.markdown; path = README.md; sourceTree = "<group>"; };
		82DE6A46234917E9ABF5B5C0 /* StringTests.swift */ = {isa = PBXFileReference; lastKnownFileType = sourcecode.swift; path = StringTests.swift; sourceTree = "<group>"; };
		884F2A7C9E2AE308F7E0731E /* LICENSE.md */ = {isa = PBXFileReference; lastKnownFileType = net.daringfireball.markdown; path = LICENSE.md; sourceTree = "<group>"; };
		A8F9B2BE4C0E1D2CA7BCFF6C /* WIPFoundation macOS Tests.xctest */ = {isa = PBXFileReference; explicitFileType = wrapper.cfbundle; includeInIndex = 0; path = "WIPFoundation macOS Tests.xctest"; sourceTree = BUILT_PRODUCTS_DIR; };
		DF1FCE0432B8508717172E37 /* WIPFoundation tvOS.framework */ = {isa = PBXFileReference; explicitFileType = wrapper.framework; includeInIndex = 0; path = "WIPFoundation tvOS.framework"; sourceTree = BUILT_PRODUCTS_DIR; };
		EAA2B02CD11A3DCBA118B0F1 /* WIPFoundation tvOS Tests.xctest */ = {isa = PBXFileReference; includeInIndex = 0; lastKnownFileType = wrapper.cfbundle; path = "WIPFoundation tvOS Tests.xctest"; sourceTree = BUILT_PRODUCTS_DIR; };
		FFCA4BEACFEB01BADA3618D0 /* String+WIP.swift */ = {isa = PBXFileReference; lastKnownFileType = sourcecode.swift; path = "String+WIP.swift"; sourceTree = "<group>"; };
/* End PBXFileReference section */

/* Begin PBXFrameworksBuildPhase section */
		14C5933426D041E41FA32346 /* Frameworks */ = {
			isa = PBXFrameworksBuildPhase;
			buildActionMask = 2147483647;
			files = (
				93AF40AA58AF0595661FC2E8 /* WIPFoundation tvOS.framework in Frameworks */,
			);
			runOnlyForDeploymentPostprocessing = 0;
		};
		61FA24956ADA90270DFC13A6 /* Frameworks */ = {
			isa = PBXFrameworksBuildPhase;
			buildActionMask = 2147483647;
			files = (
				8FBA366A5125AB5A44B42EE6 /* WIPFoundation macOS.framework in Frameworks */,
			);
			runOnlyForDeploymentPostprocessing = 0;
		};
		6AFE2989271566591933C2AD /* Frameworks */ = {
			isa = PBXFrameworksBuildPhase;
			buildActionMask = 2147483647;
			files = (
				0E0D308DD69CD285F142E4E8 /* WIPFoundation iOS.framework in Frameworks */,
			);
			runOnlyForDeploymentPostprocessing = 0;
		};
/* End PBXFrameworksBuildPhase section */

/* Begin PBXGroup section */
		2BB18B26B04F0C88E01552B1 /* Network */ = {
			isa = PBXGroup;
			children = (
				7ED8CAED9D70B3EA6B6F1576 /* HTTPClient.swift */,
			);
			path = Network;
			sourceTree = "<group>";
		};
		33947F41B414E2D2E99EE704 /* WIPExtensions */ = {
			isa = PBXGroup;
			children = (
				FFCA4BEACFEB01BADA3618D0 /* String+WIP.swift */,
			);
			path = WIPExtensions;
			sourceTree = "<group>";
		};
		3D229661308FC4398F047424 = {
			isa = PBXGroup;
			children = (
				22F78EC15D2376C0CC695E34 /* Info.plist */,
				884F2A7C9E2AE308F7E0731E /* LICENSE.md */,
				5BB68711DD21613D17F123C5 /* LinuxMain.swift */,
				8140A23CD601AB0BBAED2E2A /* README.md */,
				AE851B23AA2C85D691B3C319 /* Source */,
				A7232755BE11B3FA4E7D3060 /* Tests */,
				DDD5F6FE05B0759B005FC35E /* Products */,
			);
			sourceTree = "<group>";
		};
		3F5B45135793987516A9BC7A /* WIPCore */ = {
			isa = PBXGroup;
			children = (
				2BCBFD758F6C844741F3A8D2 /* WIPCompatibleType.swift */,
			);
			path = WIPCore;
			sourceTree = "<group>";
		};
		6AF8F49D1134A7CAB6ACD2F1 /* Extensions */ = {
			isa = PBXGroup;
			children = (
				82DE6A46234917E9ABF5B5C0 /* StringTests.swift */,
			);
			path = Extensions;
			sourceTree = "<group>";
		};
		A7232755BE11B3FA4E7D3060 /* Tests */ = {
			isa = PBXGroup;
			children = (
				7CF5F07CA380B9296968D344 /* Info.plist */,
				64C4B23266D98146201BA091 /* XCTestManifests.swift */,
				6AF8F49D1134A7CAB6ACD2F1 /* Extensions */,
			);
			path = Tests;
			sourceTree = "<group>";
		};
		AE851B23AA2C85D691B3C319 /* Source */ = {
			isa = PBXGroup;
			children = (
				2BB18B26B04F0C88E01552B1 /* Network */,
				3F5B45135793987516A9BC7A /* WIPCore */,
				33947F41B414E2D2E99EE704 /* WIPExtensions */,
			);
			path = Source;
			sourceTree = "<group>";
		};
		DDD5F6FE05B0759B005FC35E /* Products */ = {
			isa = PBXGroup;
			children = (
				3B86A8F66ACFE861DDAB75E2 /* WIPFoundation iOS Tests.xctest */,
				66CB3B51B5829BB20E22E6B6 /* WIPFoundation iOS.framework */,
				A8F9B2BE4C0E1D2CA7BCFF6C /* WIPFoundation macOS Tests.xctest */,
				269151E72449EBF0FE2FBF04 /* WIPFoundation macOS.framework */,
				EAA2B02CD11A3DCBA118B0F1 /* WIPFoundation tvOS Tests.xctest */,
				DF1FCE0432B8508717172E37 /* WIPFoundation tvOS.framework */,
				50728C751070CADAA1B71EA6 /* WIPFoundation watchOS.framework */,
			);
			name = Products;
			sourceTree = "<group>";
		};
/* End PBXGroup section */

/* Begin PBXNativeTarget section */
		2B4B301B8DB0BED6BA4613B0 /* WIPFoundation iOS */ = {
			isa = PBXNativeTarget;
			buildConfigurationList = 569D3D8550B6B1A4DDF045F6 /* Build configuration list for PBXNativeTarget "WIPFoundation iOS" */;
			buildPhases = (
				131BF842926E24E58E246727 /* Sources */,
				41BA69EDB151396124E1D25A /* Swiftlint */,
			);
			buildRules = (
			);
			dependencies = (
			);
			name = "WIPFoundation iOS";
			productName = "WIPFoundation iOS";
			productReference = 66CB3B51B5829BB20E22E6B6 /* WIPFoundation iOS.framework */;
			productType = "com.apple.product-type.framework";
		};
		66354D9C06E680994BA07D92 /* WIPFoundation tvOS */ = {
			isa = PBXNativeTarget;
			buildConfigurationList = 89EC077BC2AA03C8B2672334 /* Build configuration list for PBXNativeTarget "WIPFoundation tvOS" */;
			buildPhases = (
				75C49D3531A5D9435CD5B9B2 /* Sources */,
				40C70CE4C98951C8AE148E02 /* Swiftlint */,
			);
			buildRules = (
			);
			dependencies = (
			);
			name = "WIPFoundation tvOS";
			productName = "WIPFoundation tvOS";
			productReference = DF1FCE0432B8508717172E37 /* WIPFoundation tvOS.framework */;
			productType = "com.apple.product-type.framework";
		};
		D32E4D9B7F6C4BFD9889E60B /* WIPFoundation tvOS Tests */ = {
			isa = PBXNativeTarget;
			buildConfigurationList = AC100F6EC387E1427C1CB689 /* Build configuration list for PBXNativeTarget "WIPFoundation tvOS Tests" */;
			buildPhases = (
				E703238611D728BB4B20AE36 /* Sources */,
				14C5933426D041E41FA32346 /* Frameworks */,
				F0654245EB4E32F65A439AA8 /* Embed Frameworks */,
			);
			buildRules = (
			);
			dependencies = (
				5B040905DFB058BB22C6DDD0 /* PBXTargetDependency */,
			);
			name = "WIPFoundation tvOS Tests";
			productName = "WIPFoundation tvOS Tests";
			productReference = EAA2B02CD11A3DCBA118B0F1 /* WIPFoundation tvOS Tests.xctest */;
			productType = "com.apple.product-type.bundle.unit-test";
		};
		DAC32C922344ADF05605219D /* WIPFoundation iOS Tests */ = {
			isa = PBXNativeTarget;
			buildConfigurationList = E233F86FDC23B822E0B39653 /* Build configuration list for PBXNativeTarget "WIPFoundation iOS Tests" */;
			buildPhases = (
				19949BD5F58969819743698E /* Sources */,
				6AFE2989271566591933C2AD /* Frameworks */,
				4B01FF7EAB5FC81DFD31BAE8 /* Embed Frameworks */,
			);
			buildRules = (
			);
			dependencies = (
				95CCC138876429C5CDF6E47E /* PBXTargetDependency */,
			);
			name = "WIPFoundation iOS Tests";
			productName = "WIPFoundation iOS Tests";
			productReference = 3B86A8F66ACFE861DDAB75E2 /* WIPFoundation iOS Tests.xctest */;
			productType = "com.apple.product-type.bundle.unit-test";
		};
		F4204646B5EE2E861C52E93C /* WIPFoundation macOS Tests */ = {
			isa = PBXNativeTarget;
			buildConfigurationList = 491E546914E7AAAB60038EF8 /* Build configuration list for PBXNativeTarget "WIPFoundation macOS Tests" */;
			buildPhases = (
				EE54A36173AA0D8269928BE1 /* Sources */,
				61FA24956ADA90270DFC13A6 /* Frameworks */,
				062F32BE1C9DEC3E5D19BA5F /* Embed Frameworks */,
			);
			buildRules = (
			);
			dependencies = (
				FC467B58AD43DAF98AF33789 /* PBXTargetDependency */,
			);
			name = "WIPFoundation macOS Tests";
			productName = "WIPFoundation macOS Tests";
			productReference = A8F9B2BE4C0E1D2CA7BCFF6C /* WIPFoundation macOS Tests.xctest */;
			productType = "com.apple.product-type.bundle.unit-test";
		};
		F422BF5FB222BAB883308154 /* WIPFoundation macOS */ = {
			isa = PBXNativeTarget;
			buildConfigurationList = D64FE0CEAD34E2BA79737BFB /* Build configuration list for PBXNativeTarget "WIPFoundation macOS" */;
			buildPhases = (
				9BB98EF50B04573FD2221BAF /* Sources */,
				CBED6D5E4B1B7D7EF837B575 /* Swiftlint */,
			);
			buildRules = (
			);
			dependencies = (
			);
			name = "WIPFoundation macOS";
			productName = "WIPFoundation macOS";
			productReference = 269151E72449EBF0FE2FBF04 /* WIPFoundation macOS.framework */;
			productType = "com.apple.product-type.framework";
		};
		FC40D2C0DB7644970A6963B9 /* WIPFoundation watchOS */ = {
			isa = PBXNativeTarget;
			buildConfigurationList = BE0BF31124C0D28DB2506642 /* Build configuration list for PBXNativeTarget "WIPFoundation watchOS" */;
			buildPhases = (
				463FC9E9F27E2815DBD93064 /* Sources */,
				22F4A5EEBB96D63FC14D5155 /* Swiftlint */,
			);
			buildRules = (
			);
			dependencies = (
			);
			name = "WIPFoundation watchOS";
			productName = "WIPFoundation watchOS";
			productReference = 50728C751070CADAA1B71EA6 /* WIPFoundation watchOS.framework */;
			productType = "com.apple.product-type.framework";
		};
/* End PBXNativeTarget section */

/* Begin PBXProject section */
		17B11B32A29CDA419109983D /* Project object */ = {
			isa = PBXProject;
			attributes = {
				LastUpgradeCheck = 1020;
				TargetAttributes = {
				};
			};
			buildConfigurationList = 1CD22FB14110B48D1F020DCA /* Build configuration list for PBXProject "WIPFoundation" */;
			compatibilityVersion = "Xcode 10.0";
			developmentRegion = en;
			hasScannedForEncodings = 0;
			knownRegions = (
				en,
			);
			mainGroup = 3D229661308FC4398F047424;
			projectDirPath = "";
			projectRoot = "";
			targets = (
				2B4B301B8DB0BED6BA4613B0 /* WIPFoundation iOS */,
				DAC32C922344ADF05605219D /* WIPFoundation iOS Tests */,
				F422BF5FB222BAB883308154 /* WIPFoundation macOS */,
				F4204646B5EE2E861C52E93C /* WIPFoundation macOS Tests */,
				66354D9C06E680994BA07D92 /* WIPFoundation tvOS */,
				D32E4D9B7F6C4BFD9889E60B /* WIPFoundation tvOS Tests */,
				FC40D2C0DB7644970A6963B9 /* WIPFoundation watchOS */,
			);
		};
/* End PBXProject section */

/* Begin PBXShellScriptBuildPhase section */
		22F4A5EEBB96D63FC14D5155 /* Swiftlint */ = {
			isa = PBXShellScriptBuildPhase;
			buildActionMask = 2147483647;
			files = (
			);
			inputFileListPaths = (
			);
			inputPaths = (
			);
			name = Swiftlint;
			outputFileListPaths = (
			);
			outputPaths = (
			);
			runOnlyForDeploymentPostprocessing = 0;
			shellPath = /bin/sh;
			shellScript = swiftlint;
		};
		40C70CE4C98951C8AE148E02 /* Swiftlint */ = {
			isa = PBXShellScriptBuildPhase;
			buildActionMask = 2147483647;
			files = (
			);
			inputFileListPaths = (
			);
			inputPaths = (
			);
			name = Swiftlint;
			outputFileListPaths = (
			);
			outputPaths = (
			);
			runOnlyForDeploymentPostprocessing = 0;
			shellPath = /bin/sh;
			shellScript = swiftlint;
		};
		41BA69EDB151396124E1D25A /* Swiftlint */ = {
			isa = PBXShellScriptBuildPhase;
			buildActionMask = 2147483647;
			files = (
			);
			inputFileListPaths = (
			);
			inputPaths = (
			);
			name = Swiftlint;
			outputFileListPaths = (
			);
			outputPaths = (
			);
			runOnlyForDeploymentPostprocessing = 0;
			shellPath = /bin/sh;
			shellScript = swiftlint;
		};
		CBED6D5E4B1B7D7EF837B575 /* Swiftlint */ = {
			isa = PBXShellScriptBuildPhase;
			buildActionMask = 2147483647;
			files = (
			);
			inputFileListPaths = (
			);
			inputPaths = (
			);
			name = Swiftlint;
			outputFileListPaths = (
			);
			outputPaths = (
			);
			runOnlyForDeploymentPostprocessing = 0;
			shellPath = /bin/sh;
			shellScript = swiftlint;
		};
/* End PBXShellScriptBuildPhase section */

/* Begin PBXSourcesBuildPhase section */
		131BF842926E24E58E246727 /* Sources */ = {
			isa = PBXSourcesBuildPhase;
			buildActionMask = 2147483647;
			files = (
				5C3E72BF54E200171BCBA454 /* HTTPClient.swift in Sources */,
				61A2DE775FCDABD387DB13AC /* String+WIP.swift in Sources */,
				9A9A8662186D4F3EC1978EE0 /* WIPCompatibleType.swift in Sources */,
			);
			runOnlyForDeploymentPostprocessing = 0;
		};
		19949BD5F58969819743698E /* Sources */ = {
			isa = PBXSourcesBuildPhase;
			buildActionMask = 2147483647;
			files = (
				848CDD3DD1C1C74D866D6EAE /* StringTests.swift in Sources */,
				18687DA8514A9AB2D604A533 /* XCTestManifests.swift in Sources */,
			);
			runOnlyForDeploymentPostprocessing = 0;
		};
		463FC9E9F27E2815DBD93064 /* Sources */ = {
			isa = PBXSourcesBuildPhase;
			buildActionMask = 2147483647;
			files = (
				FFB77805D9CD3071BD8E4C11 /* HTTPClient.swift in Sources */,
				B997635BB46D142C93279397 /* String+WIP.swift in Sources */,
				4BC6A117F7DC392C4CB096D7 /* WIPCompatibleType.swift in Sources */,
			);
			runOnlyForDeploymentPostprocessing = 0;
		};
		75C49D3531A5D9435CD5B9B2 /* Sources */ = {
			isa = PBXSourcesBuildPhase;
			buildActionMask = 2147483647;
			files = (
				364384ED54A6A53A8606028C /* HTTPClient.swift in Sources */,
				9081258E77BF4A6A04710146 /* String+WIP.swift in Sources */,
				96210467CC3DBA4A40AE8DEE /* WIPCompatibleType.swift in Sources */,
			);
			runOnlyForDeploymentPostprocessing = 0;
		};
		9BB98EF50B04573FD2221BAF /* Sources */ = {
			isa = PBXSourcesBuildPhase;
			buildActionMask = 2147483647;
			files = (
				3A4DD90B5CC6CA3D980B0CA8 /* HTTPClient.swift in Sources */,
				3FD09A0D0E660E0CEB6F5269 /* String+WIP.swift in Sources */,
				250195B5538E61ABC7EFA4AE /* WIPCompatibleType.swift in Sources */,
			);
			runOnlyForDeploymentPostprocessing = 0;
		};
		E703238611D728BB4B20AE36 /* Sources */ = {
			isa = PBXSourcesBuildPhase;
			buildActionMask = 2147483647;
			files = (
				4887C2DA2FB0589B1D6A852E /* StringTests.swift in Sources */,
				395ECC8FD4C0FF1D09032B73 /* XCTestManifests.swift in Sources */,
			);
			runOnlyForDeploymentPostprocessing = 0;
		};
		EE54A36173AA0D8269928BE1 /* Sources */ = {
			isa = PBXSourcesBuildPhase;
			buildActionMask = 2147483647;
			files = (
				602BDF650A98C6042972C7C2 /* StringTests.swift in Sources */,
				97E925EE0B032520364E935A /* XCTestManifests.swift in Sources */,
			);
			runOnlyForDeploymentPostprocessing = 0;
		};
/* End PBXSourcesBuildPhase section */

/* Begin PBXTargetDependency section */
		5B040905DFB058BB22C6DDD0 /* PBXTargetDependency */ = {
			isa = PBXTargetDependency;
			target = 66354D9C06E680994BA07D92 /* WIPFoundation tvOS */;
			targetProxy = A2D41DFA161A78149AC43D74 /* PBXContainerItemProxy */;
		};
		95CCC138876429C5CDF6E47E /* PBXTargetDependency */ = {
			isa = PBXTargetDependency;
			target = 2B4B301B8DB0BED6BA4613B0 /* WIPFoundation iOS */;
			targetProxy = E81D3111B634B2E8E8531A40 /* PBXContainerItemProxy */;
		};
		FC467B58AD43DAF98AF33789 /* PBXTargetDependency */ = {
			isa = PBXTargetDependency;
			target = F422BF5FB222BAB883308154 /* WIPFoundation macOS */;
			targetProxy = B7B4EB8DDF23E3B62A3E1646 /* PBXContainerItemProxy */;
		};
/* End PBXTargetDependency section */

/* Begin XCBuildConfiguration section */
		1849D4C6354A2CA0FAE7EC3B /* Release */ = {
			isa = XCBuildConfiguration;
			buildSettings = {
				CODE_SIGN_IDENTITY = "";
				CURRENT_PROJECT_VERSION = 1;
				DEFINES_MODULE = YES;
				DYLIB_COMPATIBILITY_VERSION = 1;
				DYLIB_CURRENT_VERSION = 1;
				DYLIB_INSTALL_NAME_BASE = "@rpath";
				INFOPLIST_FILE = Info.plist;
				INSTALL_PATH = "$(LOCAL_LIBRARY_DIR)/Frameworks";
				LD_RUNPATH_SEARCH_PATHS = (
					"$(inherited)",
					"@executable_path/Frameworks",
				);
				PRODUCT_BUNDLE_IDENTIFIER = es.rpastor.wip.foundation;
				PRODUCT_NAME = WIPFoundation;
				SDKROOT = appletvos;
				SKIP_INSTALL = YES;
				TARGETED_DEVICE_FAMILY = 3;
				TVOS_DEPLOYMENT_TARGET = 14.0;
				VERSIONING_SYSTEM = "apple-generic";
			};
			name = Release;
		};
		3C5348F810FC6968F26D6F53 /* Release */ = {
			isa = XCBuildConfiguration;
			buildSettings = {
				BUNDLE_LOADER = "$(TEST_HOST)";
				COMBINE_HIDPI_IMAGES = YES;
				INFOPLIST_FILE = Tests/Info.plist;
				LD_RUNPATH_SEARCH_PATHS = (
					"$(inherited)",
					"@executable_path/../Frameworks",
					"@loader_path/../Frameworks",
				);
				SDKROOT = macosx;
			};
			name = Release;
		};
		5FC9968F6AD8F20E004A004D /* Release */ = {
			isa = XCBuildConfiguration;
			buildSettings = {
				BUNDLE_LOADER = "$(TEST_HOST)";
				INFOPLIST_FILE = Tests/Info.plist;
				LD_RUNPATH_SEARCH_PATHS = (
					"$(inherited)",
					"@executable_path/Frameworks",
					"@loader_path/Frameworks",
				);
				SDKROOT = appletvos;
				TARGETED_DEVICE_FAMILY = 3;
			};
			name = Release;
		};
		6676D2F5ECA03B794748D0A1 /* Debug */ = {
			isa = XCBuildConfiguration;
			buildSettings = {
				BUNDLE_LOADER = "$(TEST_HOST)";
				COMBINE_HIDPI_IMAGES = YES;
				INFOPLIST_FILE = Tests/Info.plist;
				LD_RUNPATH_SEARCH_PATHS = (
					"$(inherited)",
					"@executable_path/../Frameworks",
					"@loader_path/../Frameworks",
				);
				SDKROOT = macosx;
			};
			name = Debug;
		};
		7BBD662F6166D70DFCE6E812 /* Release */ = {
			isa = XCBuildConfiguration;
			buildSettings = {
				BUNDLE_LOADER = "$(TEST_HOST)";
				INFOPLIST_FILE = Tests/Info.plist;
				LD_RUNPATH_SEARCH_PATHS = (
					"$(inherited)",
					"@executable_path/Frameworks",
					"@loader_path/Frameworks",
				);
				SDKROOT = iphoneos;
				TARGETED_DEVICE_FAMILY = "1,2";
			};
			name = Release;
		};
		85189F5C3C757D38EB01C685 /* Debug */ = {
			isa = XCBuildConfiguration;
			buildSettings = {
				BUNDLE_LOADER = "$(TEST_HOST)";
				INFOPLIST_FILE = Tests/Info.plist;
				LD_RUNPATH_SEARCH_PATHS = (
					"$(inherited)",
					"@executable_path/Frameworks",
					"@loader_path/Frameworks",
				);
				SDKROOT = appletvos;
				TARGETED_DEVICE_FAMILY = 3;
			};
			name = Debug;
		};
		8981D836B3C6EF81D254B3E2 /* Debug */ = {
			isa = XCBuildConfiguration;
			buildSettings = {
				CODE_SIGN_IDENTITY = "";
				CURRENT_PROJECT_VERSION = 1;
				DEFINES_MODULE = YES;
				DYLIB_COMPATIBILITY_VERSION = 1;
				DYLIB_CURRENT_VERSION = 1;
				DYLIB_INSTALL_NAME_BASE = "@rpath";
				INFOPLIST_FILE = Info.plist;
				INSTALL_PATH = "$(LOCAL_LIBRARY_DIR)/Frameworks";
				LD_RUNPATH_SEARCH_PATHS = (
					"$(inherited)",
					"@executable_path/Frameworks",
				);
				PRODUCT_BUNDLE_IDENTIFIER = es.rpastor.wip.foundation;
				PRODUCT_NAME = WIPFoundation;
				SDKROOT = appletvos;
				SKIP_INSTALL = YES;
				TARGETED_DEVICE_FAMILY = 3;
				TVOS_DEPLOYMENT_TARGET = 14.0;
				VERSIONING_SYSTEM = "apple-generic";
			};
			name = Debug;
		};
		9C3AAE4DF139B2B6CA87B606 /* Debug */ = {
			isa = XCBuildConfiguration;
			buildSettings = {
				ALWAYS_SEARCH_USER_PATHS = NO;
				CLANG_ANALYZER_NONNULL = YES;
				CLANG_ANALYZER_NUMBER_OBJECT_CONVERSION = YES_AGGRESSIVE;
				CLANG_CXX_LANGUAGE_STANDARD = "gnu++14";
				CLANG_CXX_LIBRARY = "libc++";
				CLANG_ENABLE_MODULES = YES;
				CLANG_ENABLE_OBJC_ARC = YES;
				CLANG_WARN_BLOCK_CAPTURE_AUTORELEASING = YES;
				CLANG_WARN_BOOL_CONVERSION = YES;
				CLANG_WARN_COMMA = YES;
				CLANG_WARN_CONSTANT_CONVERSION = YES;
				CLANG_WARN_DEPRECATED_OBJC_IMPLEMENTATIONS = YES;
				CLANG_WARN_DIRECT_OBJC_ISA_USAGE = YES_ERROR;
				CLANG_WARN_DOCUMENTATION_COMMENTS = YES;
				CLANG_WARN_EMPTY_BODY = YES;
				CLANG_WARN_ENUM_CONVERSION = YES;
				CLANG_WARN_INFINITE_RECURSION = YES;
				CLANG_WARN_INT_CONVERSION = YES;
				CLANG_WARN_NON_LITERAL_NULL_CONVERSION = YES;
				CLANG_WARN_OBJC_IMPLICIT_RETAIN_SELF = YES;
				CLANG_WARN_OBJC_LITERAL_CONVERSION = YES;
				CLANG_WARN_OBJC_ROOT_CLASS = YES_ERROR;
				CLANG_WARN_RANGE_LOOP_ANALYSIS = YES;
				CLANG_WARN_STRICT_PROTOTYPES = YES;
				CLANG_WARN_SUSPICIOUS_MOVE = YES;
				CLANG_WARN_UNGUARDED_AVAILABILITY = YES_AGGRESSIVE;
				CLANG_WARN_UNREACHABLE_CODE = YES;
				CLANG_WARN__DUPLICATE_METHOD_MATCH = YES;
				COPY_PHASE_STRIP = NO;
				DEBUG_INFORMATION_FORMAT = dwarf;
				ENABLE_STRICT_OBJC_MSGSEND = YES;
				ENABLE_TESTABILITY = YES;
				GCC_C_LANGUAGE_STANDARD = gnu11;
				GCC_DYNAMIC_NO_PIC = NO;
				GCC_NO_COMMON_BLOCKS = YES;
				GCC_OPTIMIZATION_LEVEL = 0;
				GCC_PREPROCESSOR_DEFINITIONS = (
					"$(inherited)",
					"DEBUG=1",
				);
				GCC_WARN_64_TO_32_BIT_CONVERSION = YES;
				GCC_WARN_ABOUT_RETURN_TYPE = YES_ERROR;
				GCC_WARN_UNDECLARED_SELECTOR = YES;
				GCC_WARN_UNINITIALIZED_AUTOS = YES_AGGRESSIVE;
				GCC_WARN_UNUSED_FUNCTION = YES;
				GCC_WARN_UNUSED_VARIABLE = YES;
				MTL_ENABLE_DEBUG_INFO = YES;
				ONLY_ACTIVE_ARCH = YES;
				PRODUCT_NAME = "$(TARGET_NAME)";
				SWIFT_ACTIVE_COMPILATION_CONDITIONS = DEBUG;
				SWIFT_OPTIMIZATION_LEVEL = "-Onone";
				SWIFT_VERSION = 5.0;
			};
			name = Debug;
		};
		B59F34BC1710CEC93D35CDF1 /* Debug */ = {
			isa = XCBuildConfiguration;
			buildSettings = {
				CODE_SIGN_IDENTITY = "";
				CURRENT_PROJECT_VERSION = 1;
				DEFINES_MODULE = YES;
				DYLIB_COMPATIBILITY_VERSION = 1;
				DYLIB_CURRENT_VERSION = 1;
				DYLIB_INSTALL_NAME_BASE = "@rpath";
				INFOPLIST_FILE = Info.plist;
				INSTALL_PATH = "$(LOCAL_LIBRARY_DIR)/Frameworks";
				PRODUCT_BUNDLE_IDENTIFIER = es.rpastor.wip.foundation;
				PRODUCT_NAME = WIPFoundation;
				SDKROOT = watchos;
				SKIP_INSTALL = YES;
				TARGETED_DEVICE_FAMILY = 4;
				VERSIONING_SYSTEM = "apple-generic";
				WATCHOS_DEPLOYMENT_TARGET = 7.0;
			};
			name = Debug;
		};
		C40C153186B9887FD8F67B83 /* Debug */ = {
			isa = XCBuildConfiguration;
			buildSettings = {
				CODE_SIGN_IDENTITY = "";
				CURRENT_PROJECT_VERSION = 1;
				DEFINES_MODULE = YES;
				DYLIB_COMPATIBILITY_VERSION = 1;
				DYLIB_CURRENT_VERSION = 1;
				DYLIB_INSTALL_NAME_BASE = "@rpath";
				INFOPLIST_FILE = Info.plist;
				INSTALL_PATH = "$(LOCAL_LIBRARY_DIR)/Frameworks";
				IPHONEOS_DEPLOYMENT_TARGET = 14.0;
				LD_RUNPATH_SEARCH_PATHS = (
					"$(inherited)",
					"@executable_path/Frameworks",
				);
				PRODUCT_BUNDLE_IDENTIFIER = es.rpastor.wip.foundation;
				PRODUCT_NAME = WIPFoundation;
				SDKROOT = iphoneos;
				SKIP_INSTALL = YES;
				TARGETED_DEVICE_FAMILY = "1,2";
				VERSIONING_SYSTEM = "apple-generic";
			};
			name = Debug;
		};
		D763D4F241785CFE972A061E /* Release */ = {
			isa = XCBuildConfiguration;
			buildSettings = {
				ALWAYS_SEARCH_USER_PATHS = NO;
				CLANG_ANALYZER_NONNULL = YES;
				CLANG_ANALYZER_NUMBER_OBJECT_CONVERSION = YES_AGGRESSIVE;
				CLANG_CXX_LANGUAGE_STANDARD = "gnu++14";
				CLANG_CXX_LIBRARY = "libc++";
				CLANG_ENABLE_MODULES = YES;
				CLANG_ENABLE_OBJC_ARC = YES;
				CLANG_WARN_BLOCK_CAPTURE_AUTORELEASING = YES;
				CLANG_WARN_BOOL_CONVERSION = YES;
				CLANG_WARN_COMMA = YES;
				CLANG_WARN_CONSTANT_CONVERSION = YES;
				CLANG_WARN_DEPRECATED_OBJC_IMPLEMENTATIONS = YES;
				CLANG_WARN_DIRECT_OBJC_ISA_USAGE = YES_ERROR;
				CLANG_WARN_DOCUMENTATION_COMMENTS = YES;
				CLANG_WARN_EMPTY_BODY = YES;
				CLANG_WARN_ENUM_CONVERSION = YES;
				CLANG_WARN_INFINITE_RECURSION = YES;
				CLANG_WARN_INT_CONVERSION = YES;
				CLANG_WARN_NON_LITERAL_NULL_CONVERSION = YES;
				CLANG_WARN_OBJC_IMPLICIT_RETAIN_SELF = YES;
				CLANG_WARN_OBJC_LITERAL_CONVERSION = YES;
				CLANG_WARN_OBJC_ROOT_CLASS = YES_ERROR;
				CLANG_WARN_RANGE_LOOP_ANALYSIS = YES;
				CLANG_WARN_STRICT_PROTOTYPES = YES;
				CLANG_WARN_SUSPICIOUS_MOVE = YES;
				CLANG_WARN_UNGUARDED_AVAILABILITY = YES_AGGRESSIVE;
				CLANG_WARN_UNREACHABLE_CODE = YES;
				CLANG_WARN__DUPLICATE_METHOD_MATCH = YES;
				COPY_PHASE_STRIP = NO;
				DEBUG_INFORMATION_FORMAT = "dwarf-with-dsym";
				ENABLE_NS_ASSERTIONS = NO;
				ENABLE_STRICT_OBJC_MSGSEND = YES;
				GCC_C_LANGUAGE_STANDARD = gnu11;
				GCC_NO_COMMON_BLOCKS = YES;
				GCC_WARN_64_TO_32_BIT_CONVERSION = YES;
				GCC_WARN_ABOUT_RETURN_TYPE = YES_ERROR;
				GCC_WARN_UNDECLARED_SELECTOR = YES;
				GCC_WARN_UNINITIALIZED_AUTOS = YES_AGGRESSIVE;
				GCC_WARN_UNUSED_FUNCTION = YES;
				GCC_WARN_UNUSED_VARIABLE = YES;
				PRODUCT_NAME = "$(TARGET_NAME)";
				SWIFT_COMPILATION_MODE = wholemodule;
				SWIFT_VERSION = 5.0;
				VALIDATE_PRODUCT = YES;
			};
			name = Release;
		};
		E59A7FD08B760DDF30AF8FFA /* Debug */ = {
			isa = XCBuildConfiguration;
			buildSettings = {
				BUNDLE_LOADER = "$(TEST_HOST)";
				INFOPLIST_FILE = Tests/Info.plist;
				LD_RUNPATH_SEARCH_PATHS = (
					"$(inherited)",
					"@executable_path/Frameworks",
					"@loader_path/Frameworks",
				);
				SDKROOT = iphoneos;
				TARGETED_DEVICE_FAMILY = "1,2";
			};
			name = Debug;
		};
		EFDD97E037C1C089A24C1555 /* Release */ = {
			isa = XCBuildConfiguration;
			buildSettings = {
				CODE_SIGN_IDENTITY = "";
				CURRENT_PROJECT_VERSION = 1;
				DEFINES_MODULE = YES;
				DYLIB_COMPATIBILITY_VERSION = 1;
				DYLIB_CURRENT_VERSION = 1;
				DYLIB_INSTALL_NAME_BASE = "@rpath";
				INFOPLIST_FILE = Info.plist;
				INSTALL_PATH = "$(LOCAL_LIBRARY_DIR)/Frameworks";
				IPHONEOS_DEPLOYMENT_TARGET = 14.0;
				LD_RUNPATH_SEARCH_PATHS = (
					"$(inherited)",
					"@executable_path/Frameworks",
				);
				PRODUCT_BUNDLE_IDENTIFIER = es.rpastor.wip.foundation;
				PRODUCT_NAME = WIPFoundation;
				SDKROOT = iphoneos;
				SKIP_INSTALL = YES;
				TARGETED_DEVICE_FAMILY = "1,2";
				VERSIONING_SYSTEM = "apple-generic";
			};
			name = Release;
		};
		F204D794DD90726AFB89CE09 /* Release */ = {
			isa = XCBuildConfiguration;
			buildSettings = {
				CODE_SIGN_IDENTITY = "";
				COMBINE_HIDPI_IMAGES = YES;
				CURRENT_PROJECT_VERSION = 1;
				DEFINES_MODULE = YES;
				DYLIB_COMPATIBILITY_VERSION = 1;
				DYLIB_CURRENT_VERSION = 1;
				DYLIB_INSTALL_NAME_BASE = "@rpath";
				INFOPLIST_FILE = Info.plist;
				INSTALL_PATH = "$(LOCAL_LIBRARY_DIR)/Frameworks";
				LD_RUNPATH_SEARCH_PATHS = (
					"$(inherited)",
					"@executable_path/../Frameworks",
				);
				MACOSX_DEPLOYMENT_TARGET = 10.15;
				PRODUCT_BUNDLE_IDENTIFIER = es.rpastor.wip.foundation;
				PRODUCT_NAME = WIPFoundation;
				SDKROOT = macosx;
				SKIP_INSTALL = YES;
				VERSIONING_SYSTEM = "apple-generic";
			};
			name = Release;
		};
		F205BDC93653E961B7BF963B /* Debug */ = {
			isa = XCBuildConfiguration;
			buildSettings = {
				CODE_SIGN_IDENTITY = "";
				COMBINE_HIDPI_IMAGES = YES;
				CURRENT_PROJECT_VERSION = 1;
				DEFINES_MODULE = YES;
				DYLIB_COMPATIBILITY_VERSION = 1;
				DYLIB_CURRENT_VERSION = 1;
				DYLIB_INSTALL_NAME_BASE = "@rpath";
				INFOPLIST_FILE = Info.plist;
				INSTALL_PATH = "$(LOCAL_LIBRARY_DIR)/Frameworks";
				LD_RUNPATH_SEARCH_PATHS = (
					"$(inherited)",
					"@executable_path/../Frameworks",
				);
				MACOSX_DEPLOYMENT_TARGET = 10.15;
				PRODUCT_BUNDLE_IDENTIFIER = es.rpastor.wip.foundation;
				PRODUCT_NAME = WIPFoundation;
				SDKROOT = macosx;
				SKIP_INSTALL = YES;
				VERSIONING_SYSTEM = "apple-generic";
			};
			name = Debug;
		};
		FF9F85A9CB0807EFEF0D9126 /* Release */ = {
			isa = XCBuildConfiguration;
			buildSettings = {
				CODE_SIGN_IDENTITY = "";
				CURRENT_PROJECT_VERSION = 1;
				DEFINES_MODULE = YES;
				DYLIB_COMPATIBILITY_VERSION = 1;
				DYLIB_CURRENT_VERSION = 1;
				DYLIB_INSTALL_NAME_BASE = "@rpath";
				INFOPLIST_FILE = Info.plist;
				INSTALL_PATH = "$(LOCAL_LIBRARY_DIR)/Frameworks";
				PRODUCT_BUNDLE_IDENTIFIER = es.rpastor.wip.foundation;
				PRODUCT_NAME = WIPFoundation;
				SDKROOT = watchos;
				SKIP_INSTALL = YES;
				TARGETED_DEVICE_FAMILY = 4;
				VERSIONING_SYSTEM = "apple-generic";
				WATCHOS_DEPLOYMENT_TARGET = 7.0;
			};
			name = Release;
		};
/* End XCBuildConfiguration section */

/* Begin XCConfigurationList section */
		1CD22FB14110B48D1F020DCA /* Build configuration list for PBXProject "WIPFoundation" */ = {
			isa = XCConfigurationList;
			buildConfigurations = (
				9C3AAE4DF139B2B6CA87B606 /* Debug */,
				D763D4F241785CFE972A061E /* Release */,
			);
			defaultConfigurationIsVisible = 0;
			defaultConfigurationName = Debug;
		};
		491E546914E7AAAB60038EF8 /* Build configuration list for PBXNativeTarget "WIPFoundation macOS Tests" */ = {
			isa = XCConfigurationList;
			buildConfigurations = (
				6676D2F5ECA03B794748D0A1 /* Debug */,
				3C5348F810FC6968F26D6F53 /* Release */,
			);
			defaultConfigurationIsVisible = 0;
			defaultConfigurationName = Debug;
		};
		569D3D8550B6B1A4DDF045F6 /* Build configuration list for PBXNativeTarget "WIPFoundation iOS" */ = {
			isa = XCConfigurationList;
			buildConfigurations = (
				C40C153186B9887FD8F67B83 /* Debug */,
				EFDD97E037C1C089A24C1555 /* Release */,
			);
			defaultConfigurationIsVisible = 0;
			defaultConfigurationName = Debug;
		};
		89EC077BC2AA03C8B2672334 /* Build configuration list for PBXNativeTarget "WIPFoundation tvOS" */ = {
			isa = XCConfigurationList;
			buildConfigurations = (
				8981D836B3C6EF81D254B3E2 /* Debug */,
				1849D4C6354A2CA0FAE7EC3B /* Release */,
			);
			defaultConfigurationIsVisible = 0;
			defaultConfigurationName = Debug;
		};
		AC100F6EC387E1427C1CB689 /* Build configuration list for PBXNativeTarget "WIPFoundation tvOS Tests" */ = {
			isa = XCConfigurationList;
			buildConfigurations = (
				85189F5C3C757D38EB01C685 /* Debug */,
				5FC9968F6AD8F20E004A004D /* Release */,
			);
			defaultConfigurationIsVisible = 0;
			defaultConfigurationName = Debug;
		};
		BE0BF31124C0D28DB2506642 /* Build configuration list for PBXNativeTarget "WIPFoundation watchOS" */ = {
			isa = XCConfigurationList;
			buildConfigurations = (
				B59F34BC1710CEC93D35CDF1 /* Debug */,
				FF9F85A9CB0807EFEF0D9126 /* Release */,
			);
			defaultConfigurationIsVisible = 0;
			defaultConfigurationName = Debug;
		};
		D64FE0CEAD34E2BA79737BFB /* Build configuration list for PBXNativeTarget "WIPFoundation macOS" */ = {
			isa = XCConfigurationList;
			buildConfigurations = (
				F205BDC93653E961B7BF963B /* Debug */,
				F204D794DD90726AFB89CE09 /* Release */,
			);
			defaultConfigurationIsVisible = 0;
			defaultConfigurationName = Debug;
		};
		E233F86FDC23B822E0B39653 /* Build configuration list for PBXNativeTarget "WIPFoundation iOS Tests" */ = {
			isa = XCConfigurationList;
			buildConfigurations = (
				E59A7FD08B760DDF30AF8FFA /* Debug */,
				7BBD662F6166D70DFCE6E812 /* Release */,
			);
			defaultConfigurationIsVisible = 0;
			defaultConfigurationName = Debug;
		};
/* End XCConfigurationList section */
	};
	rootObject = 17B11B32A29CDA419109983D /* Project object */;
}
